// !$*UTF8*$!
{
	archiveVersion = 1;
	classes = {
	};
	objectVersion = 46;
	objects = {

/* Begin PBXBuildFile section */
		1D3623260D0F684500981E51 /* SwiftCodeAppDelegate.m in Sources */ = {isa = PBXBuildFile; fileRef = 1D3623250D0F684500981E51 /* SwiftCodeAppDelegate.m */; };
		1D60589B0D05DD56006BFB54 /* main.m in Sources */ = {isa = PBXBuildFile; fileRef = 29B97316FDCFA39411CA2CEA /* main.m */; };
		1D60589F0D05DD5A006BFB54 /* Foundation.framework in Frameworks */ = {isa = PBXBuildFile; fileRef = 1D30AB110D05D00D00671497 /* Foundation.framework */; };
		1D6F1C3B1163F72E0000B47D /* MBProgressHUD.m in Sources */ = {isa = PBXBuildFile; fileRef = 1D6F1C3A1163F72E0000B47D /* MBProgressHUD.m */; };
		1DA64165117DEFE300B6D438 /* ProjectTask.m in Sources */ = {isa = PBXBuildFile; fileRef = 1DA64164117DEFE300B6D438 /* ProjectTask.m */; };
		1DB6EDA711766EAF00FFC659 /* Synchronizer.m in Sources */ = {isa = PBXBuildFile; fileRef = 1DB6EDA611766EAF00FFC659 /* Synchronizer.m */; };
		1DF12F9411789A18008927B0 /* CommandDispatcher.m in Sources */ = {isa = PBXBuildFile; fileRef = 1DF12F9311789A18008927B0 /* CommandDispatcher.m */; };
		1DF5F4E00D08C38300B7A737 /* UIKit.framework in Frameworks */ = {isa = PBXBuildFile; fileRef = 1DF5F4DF0D08C38300B7A737 /* UIKit.framework */; };
		2804200B108E984D000629CD /* RootViewController.m in Sources */ = {isa = PBXBuildFile; fileRef = 28042008108E984D000629CD /* RootViewController.m */; };
		2804200C108E984D000629CD /* DetailViewController.m in Sources */ = {isa = PBXBuildFile; fileRef = 2804200A108E984D000629CD /* DetailViewController.m */; };
		2804203C108E9BAB000629CD /* DetailView.xib in Resources */ = {isa = PBXBuildFile; fileRef = 2804203B108E9BAB000629CD /* DetailView.xib */; };
		2892E4100DC94CBA00A64D0F /* CoreGraphics.framework in Frameworks */ = {isa = PBXBuildFile; fileRef = 2892E40F0DC94CBA00A64D0F /* CoreGraphics.framework */; };
		28AD73600D9D9599002E5188 /* MainWindow.xib in Resources */ = {isa = PBXBuildFile; fileRef = 28AD735F0D9D9599002E5188 /* MainWindow.xib */; };
		74610D8911642BB000CF7B04 /* ProjectFileSelector.m in Sources */ = {isa = PBXBuildFile; fileRef = 74610D8711642BB000CF7B04 /* ProjectFileSelector.m */; };
		74610D8A11642BB000CF7B04 /* ProjectFileSelector.xib in Resources */ = {isa = PBXBuildFile; fileRef = 74610D8811642BB000CF7B04 /* ProjectFileSelector.xib */; };
		7476797F11806AEF005F4493 /* Icon.png in Resources */ = {isa = PBXBuildFile; fileRef = 7476797E11806AEF005F4493 /* Icon.png */; };
		747EB84711613806002D8CD8 /* agent.c in Sources */ = {isa = PBXBuildFile; fileRef = 747EB82A11613806002D8CD8 /* agent.c */; };
		747EB84811613806002D8CD8 /* channel.c in Sources */ = {isa = PBXBuildFile; fileRef = 747EB82B11613806002D8CD8 /* channel.c */; };
		747EB84911613806002D8CD8 /* comp.c in Sources */ = {isa = PBXBuildFile; fileRef = 747EB82D11613806002D8CD8 /* comp.c */; };
		747EB84A11613806002D8CD8 /* crypt.c in Sources */ = {isa = PBXBuildFile; fileRef = 747EB82F11613806002D8CD8 /* crypt.c */; };
		747EB84B11613806002D8CD8 /* hostkey.c in Sources */ = {isa = PBXBuildFile; fileRef = 747EB83011613806002D8CD8 /* hostkey.c */; };
		747EB84C11613806002D8CD8 /* kex.c in Sources */ = {isa = PBXBuildFile; fileRef = 747EB83111613806002D8CD8 /* kex.c */; };
		747EB84D11613806002D8CD8 /* knownhost.c in Sources */ = {isa = PBXBuildFile; fileRef = 747EB83211613806002D8CD8 /* knownhost.c */; };
		747EB84E11613806002D8CD8 /* libgcrypt.c in Sources */ = {isa = PBXBuildFile; fileRef = 747EB83311613806002D8CD8 /* libgcrypt.c */; };
		747EB84F11613806002D8CD8 /* mac.c in Sources */ = {isa = PBXBuildFile; fileRef = 747EB83711613806002D8CD8 /* mac.c */; };
		747EB85011613806002D8CD8 /* misc.c in Sources */ = {isa = PBXBuildFile; fileRef = 747EB83911613806002D8CD8 /* misc.c */; };
		747EB85111613806002D8CD8 /* openssl.c in Sources */ = {isa = PBXBuildFile; fileRef = 747EB83B11613806002D8CD8 /* openssl.c */; };
		747EB85211613806002D8CD8 /* packet.c in Sources */ = {isa = PBXBuildFile; fileRef = 747EB83D11613806002D8CD8 /* packet.c */; };
		747EB85311613806002D8CD8 /* pem.c in Sources */ = {isa = PBXBuildFile; fileRef = 747EB83E11613806002D8CD8 /* pem.c */; };
		747EB85411613806002D8CD8 /* publickey.c in Sources */ = {isa = PBXBuildFile; fileRef = 747EB83F11613806002D8CD8 /* publickey.c */; };
		747EB85511613806002D8CD8 /* scp.c in Sources */ = {isa = PBXBuildFile; fileRef = 747EB84011613806002D8CD8 /* scp.c */; };
		747EB85611613806002D8CD8 /* session.c in Sources */ = {isa = PBXBuildFile; fileRef = 747EB84111613806002D8CD8 /* session.c */; };
		747EB85711613806002D8CD8 /* sftp.c in Sources */ = {isa = PBXBuildFile; fileRef = 747EB84211613806002D8CD8 /* sftp.c */; };
		747EB85811613806002D8CD8 /* transport.c in Sources */ = {isa = PBXBuildFile; fileRef = 747EB84311613806002D8CD8 /* transport.c */; };
		747EB85911613806002D8CD8 /* userauth.c in Sources */ = {isa = PBXBuildFile; fileRef = 747EB84511613806002D8CD8 /* userauth.c */; };
		747EB85A11613806002D8CD8 /* version.c in Sources */ = {isa = PBXBuildFile; fileRef = 747EB84611613806002D8CD8 /* version.c */; };
		747EC14A11614F14002D8CD8 /* libcrypto.a in Frameworks */ = {isa = PBXBuildFile; fileRef = 747EC13211614E32002D8CD8 /* libcrypto.a */; };
		747EC175116150D8002D8CD8 /* libz.dylib in Frameworks */ = {isa = PBXBuildFile; fileRef = 747EC174116150D8002D8CD8 /* libz.dylib */; };
		74A5ACE711709E05006A48A3 /* FileEditController.m in Sources */ = {isa = PBXBuildFile; fileRef = 74A5ACE511709E05006A48A3 /* FileEditController.m */; };
		74A5ACE811709E05006A48A3 /* FileEditController.xib in Resources */ = {isa = PBXBuildFile; fileRef = 74A5ACE611709E05006A48A3 /* FileEditController.xib */; };
		74AE5E72115E783B006CA577 /* Utils.m in Sources */ = {isa = PBXBuildFile; fileRef = 74AE5E71115E783B006CA577 /* Utils.m */; };
		74AE5E87115E7BFC006CA577 /* ProjectSettingsController.m in Sources */ = {isa = PBXBuildFile; fileRef = 74AE5E85115E7BFC006CA577 /* ProjectSettingsController.m */; };
		74AE5E88115E7BFC006CA577 /* ProjectSettingsController.xib in Resources */ = {isa = PBXBuildFile; fileRef = 74AE5E86115E7BFC006CA577 /* ProjectSettingsController.xib */; };
		74AE612E1160399C006CA577 /* Shell.m in Sources */ = {isa = PBXBuildFile; fileRef = 74AE612D1160399C006CA577 /* Shell.m */; };
		74B36E98115B146D00E3B2D1 /* ContentPaneSwitcher.xib in Resources */ = {isa = PBXBuildFile; fileRef = 74B36E97115B146D00E3B2D1 /* ContentPaneSwitcher.xib */; };
		74B36EA0115B28FF00E3B2D1 /* SwitchController.xib in Resources */ = {isa = PBXBuildFile; fileRef = 74B36E9E115B28FF00E3B2D1 /* SwitchController.xib */; };
		74B36F39115B2A9800E3B2D1 /* editor.html in Resources */ = {isa = PBXBuildFile; fileRef = 74B36EE4115B2A9700E3B2D1 /* editor.html */; };
		74B36F3A115B2A9800E3B2D1 /* jquery-1.4.2.min.js in Resources */ = {isa = PBXBuildFile; fileRef = 74B36EE5115B2A9800E3B2D1 /* jquery-1.4.2.min.js */; };
		74B36F3B115B2A9800E3B2D1 /* sh_acid.css in Resources */ = {isa = PBXBuildFile; fileRef = 74B36EE8115B2A9800E3B2D1 /* sh_acid.css */; };
		74B36F3C115B2A9800E3B2D1 /* sh_berries-dark.css in Resources */ = {isa = PBXBuildFile; fileRef = 74B36EE9115B2A9800E3B2D1 /* sh_berries-dark.css */; };
		74B36F3D115B2A9800E3B2D1 /* sh_berries-light.css in Resources */ = {isa = PBXBuildFile; fileRef = 74B36EEA115B2A9800E3B2D1 /* sh_berries-light.css */; };
		74B36F3E115B2A9800E3B2D1 /* sh_bipolar.css in Resources */ = {isa = PBXBuildFile; fileRef = 74B36EEB115B2A9800E3B2D1 /* sh_bipolar.css */; };
		74B36F3F115B2A9800E3B2D1 /* sh_blacknblue.css in Resources */ = {isa = PBXBuildFile; fileRef = 74B36EEC115B2A9800E3B2D1 /* sh_blacknblue.css */; };
		74B36F40115B2A9800E3B2D1 /* sh_bright.css in Resources */ = {isa = PBXBuildFile; fileRef = 74B36EED115B2A9800E3B2D1 /* sh_bright.css */; };
		74B36F41115B2A9800E3B2D1 /* sh_contrast.css in Resources */ = {isa = PBXBuildFile; fileRef = 74B36EEE115B2A9800E3B2D1 /* sh_contrast.css */; };
		74B36F42115B2A9800E3B2D1 /* sh_darkblue.css in Resources */ = {isa = PBXBuildFile; fileRef = 74B36EEF115B2A9800E3B2D1 /* sh_darkblue.css */; };
		74B36F43115B2A9800E3B2D1 /* sh_darkness.css in Resources */ = {isa = PBXBuildFile; fileRef = 74B36EF0115B2A9800E3B2D1 /* sh_darkness.css */; };
		74B36F44115B2A9800E3B2D1 /* sh_desert.css in Resources */ = {isa = PBXBuildFile; fileRef = 74B36EF1115B2A9800E3B2D1 /* sh_desert.css */; };
		74B36F45115B2A9800E3B2D1 /* sh_dull.css in Resources */ = {isa = PBXBuildFile; fileRef = 74B36EF2115B2A9800E3B2D1 /* sh_dull.css */; };
		74B36F46115B2A9800E3B2D1 /* sh_easter.css in Resources */ = {isa = PBXBuildFile; fileRef = 74B36EF3115B2A9800E3B2D1 /* sh_easter.css */; };
		74B36F47115B2A9800E3B2D1 /* sh_emacs.css in Resources */ = {isa = PBXBuildFile; fileRef = 74B36EF4115B2A9800E3B2D1 /* sh_emacs.css */; };
		74B36F48115B2A9800E3B2D1 /* sh_golden.css in Resources */ = {isa = PBXBuildFile; fileRef = 74B36EF5115B2A9800E3B2D1 /* sh_golden.css */; };
		74B36F49115B2A9800E3B2D1 /* sh_greenlcd.css in Resources */ = {isa = PBXBuildFile; fileRef = 74B36EF6115B2A9800E3B2D1 /* sh_greenlcd.css */; };
		74B36F4A115B2A9800E3B2D1 /* sh_ide-anjuta.css in Resources */ = {isa = PBXBuildFile; fileRef = 74B36EF7115B2A9800E3B2D1 /* sh_ide-anjuta.css */; };
		74B36F4B115B2A9800E3B2D1 /* sh_ide-codewarrior.css in Resources */ = {isa = PBXBuildFile; fileRef = 74B36EF8115B2A9800E3B2D1 /* sh_ide-codewarrior.css */; };
		74B36F4C115B2A9800E3B2D1 /* sh_ide-devcpp.css in Resources */ = {isa = PBXBuildFile; fileRef = 74B36EF9115B2A9800E3B2D1 /* sh_ide-devcpp.css */; };
		74B36F4D115B2A9800E3B2D1 /* sh_ide-eclipse.css in Resources */ = {isa = PBXBuildFile; fileRef = 74B36EFA115B2A9800E3B2D1 /* sh_ide-eclipse.css */; };
		74B36F4E115B2A9800E3B2D1 /* sh_ide-kdev.css in Resources */ = {isa = PBXBuildFile; fileRef = 74B36EFB115B2A9800E3B2D1 /* sh_ide-kdev.css */; };
		74B36F4F115B2A9800E3B2D1 /* sh_ide-msvcpp.css in Resources */ = {isa = PBXBuildFile; fileRef = 74B36EFC115B2A9800E3B2D1 /* sh_ide-msvcpp.css */; };
		74B36F50115B2A9800E3B2D1 /* sh_kwrite.css in Resources */ = {isa = PBXBuildFile; fileRef = 74B36EFD115B2A9800E3B2D1 /* sh_kwrite.css */; };
		74B36F51115B2A9800E3B2D1 /* sh_matlab.css in Resources */ = {isa = PBXBuildFile; fileRef = 74B36EFE115B2A9800E3B2D1 /* sh_matlab.css */; };
		74B36F52115B2A9800E3B2D1 /* sh_navy.css in Resources */ = {isa = PBXBuildFile; fileRef = 74B36EFF115B2A9800E3B2D1 /* sh_navy.css */; };
		74B36F53115B2A9800E3B2D1 /* sh_nedit.css in Resources */ = {isa = PBXBuildFile; fileRef = 74B36F00115B2A9800E3B2D1 /* sh_nedit.css */; };
		74B36F54115B2A9800E3B2D1 /* sh_neon.css in Resources */ = {isa = PBXBuildFile; fileRef = 74B36F01115B2A9800E3B2D1 /* sh_neon.css */; };
		74B36F55115B2A9800E3B2D1 /* sh_night.css in Resources */ = {isa = PBXBuildFile; fileRef = 74B36F02115B2A9800E3B2D1 /* sh_night.css */; };
		74B36F56115B2A9800E3B2D1 /* sh_pablo.css in Resources */ = {isa = PBXBuildFile; fileRef = 74B36F03115B2A9800E3B2D1 /* sh_pablo.css */; };
		74B36F57115B2A9800E3B2D1 /* sh_peachpuff.css in Resources */ = {isa = PBXBuildFile; fileRef = 74B36F04115B2A9800E3B2D1 /* sh_peachpuff.css */; };
		74B36F58115B2A9800E3B2D1 /* sh_print.css in Resources */ = {isa = PBXBuildFile; fileRef = 74B36F05115B2A9800E3B2D1 /* sh_print.css */; };
		74B36F59115B2A9800E3B2D1 /* sh_rand01.css in Resources */ = {isa = PBXBuildFile; fileRef = 74B36F06115B2A9800E3B2D1 /* sh_rand01.css */; };
		74B36F5A115B2A9800E3B2D1 /* sh_the.css in Resources */ = {isa = PBXBuildFile; fileRef = 74B36F07115B2A9800E3B2D1 /* sh_the.css */; };
		74B36F5B115B2A9800E3B2D1 /* sh_typical.css in Resources */ = {isa = PBXBuildFile; fileRef = 74B36F08115B2A9800E3B2D1 /* sh_typical.css */; };
		74B36F5C115B2A9800E3B2D1 /* sh_vampire.css in Resources */ = {isa = PBXBuildFile; fileRef = 74B36F09115B2A9800E3B2D1 /* sh_vampire.css */; };
		74B36F5D115B2A9800E3B2D1 /* sh_vim-dark.css in Resources */ = {isa = PBXBuildFile; fileRef = 74B36F0A115B2A9800E3B2D1 /* sh_vim-dark.css */; };
		74B36F5E115B2A9800E3B2D1 /* sh_vim.css in Resources */ = {isa = PBXBuildFile; fileRef = 74B36F0B115B2A9800E3B2D1 /* sh_vim.css */; };
		74B36F5F115B2A9800E3B2D1 /* sh_whatis.css in Resources */ = {isa = PBXBuildFile; fileRef = 74B36F0C115B2A9800E3B2D1 /* sh_whatis.css */; };
		74B36F60115B2A9800E3B2D1 /* sh_whitengrey.css in Resources */ = {isa = PBXBuildFile; fileRef = 74B36F0D115B2A9800E3B2D1 /* sh_whitengrey.css */; };
		74B36F61115B2A9800E3B2D1 /* sh_zellner.css in Resources */ = {isa = PBXBuildFile; fileRef = 74B36F0E115B2A9800E3B2D1 /* sh_zellner.css */; };
		74B36F62115B2A9800E3B2D1 /* sh_bison.js in Resources */ = {isa = PBXBuildFile; fileRef = 74B36F10115B2A9800E3B2D1 /* sh_bison.js */; };
		74B36F63115B2A9800E3B2D1 /* sh_c.js in Resources */ = {isa = PBXBuildFile; fileRef = 74B36F11115B2A9800E3B2D1 /* sh_c.js */; };
		74B36F64115B2A9800E3B2D1 /* sh_caml.js in Resources */ = {isa = PBXBuildFile; fileRef = 74B36F12115B2A9800E3B2D1 /* sh_caml.js */; };
		74B36F65115B2A9800E3B2D1 /* sh_changelog.js in Resources */ = {isa = PBXBuildFile; fileRef = 74B36F13115B2A9800E3B2D1 /* sh_changelog.js */; };
		74B36F66115B2A9800E3B2D1 /* sh_cpp.js in Resources */ = {isa = PBXBuildFile; fileRef = 74B36F14115B2A9800E3B2D1 /* sh_cpp.js */; };
		74B36F67115B2A9800E3B2D1 /* sh_csharp.js in Resources */ = {isa = PBXBuildFile; fileRef = 74B36F15115B2A9800E3B2D1 /* sh_csharp.js */; };
		74B36F68115B2A9800E3B2D1 /* sh_css.js in Resources */ = {isa = PBXBuildFile; fileRef = 74B36F16115B2A9800E3B2D1 /* sh_css.js */; };
		74B36F69115B2A9800E3B2D1 /* sh_desktop.js in Resources */ = {isa = PBXBuildFile; fileRef = 74B36F17115B2A9800E3B2D1 /* sh_desktop.js */; };
		74B36F6A115B2A9800E3B2D1 /* sh_diff.js in Resources */ = {isa = PBXBuildFile; fileRef = 74B36F18115B2A9800E3B2D1 /* sh_diff.js */; };
		74B36F6B115B2A9800E3B2D1 /* sh_flex.js in Resources */ = {isa = PBXBuildFile; fileRef = 74B36F19115B2A9800E3B2D1 /* sh_flex.js */; };
		74B36F6C115B2A9800E3B2D1 /* sh_glsl.js in Resources */ = {isa = PBXBuildFile; fileRef = 74B36F1A115B2A9800E3B2D1 /* sh_glsl.js */; };
		74B36F6D115B2A9800E3B2D1 /* sh_haxe.js in Resources */ = {isa = PBXBuildFile; fileRef = 74B36F1B115B2A9800E3B2D1 /* sh_haxe.js */; };
		74B36F6E115B2A9800E3B2D1 /* sh_html.js in Resources */ = {isa = PBXBuildFile; fileRef = 74B36F1C115B2A9800E3B2D1 /* sh_html.js */; };
		74B36F6F115B2A9800E3B2D1 /* sh_java.js in Resources */ = {isa = PBXBuildFile; fileRef = 74B36F1D115B2A9800E3B2D1 /* sh_java.js */; };
		74B36F70115B2A9800E3B2D1 /* sh_javascript.js in Resources */ = {isa = PBXBuildFile; fileRef = 74B36F1E115B2A9800E3B2D1 /* sh_javascript.js */; };
		74B36F71115B2A9800E3B2D1 /* sh_javascript_dom.js in Resources */ = {isa = PBXBuildFile; fileRef = 74B36F1F115B2A9800E3B2D1 /* sh_javascript_dom.js */; };
		74B36F72115B2A9800E3B2D1 /* sh_latex.js in Resources */ = {isa = PBXBuildFile; fileRef = 74B36F20115B2A9800E3B2D1 /* sh_latex.js */; };
		74B36F73115B2A9800E3B2D1 /* sh_ldap.js in Resources */ = {isa = PBXBuildFile; fileRef = 74B36F21115B2A9800E3B2D1 /* sh_ldap.js */; };
		74B36F74115B2A9800E3B2D1 /* sh_log.js in Resources */ = {isa = PBXBuildFile; fileRef = 74B36F22115B2A9800E3B2D1 /* sh_log.js */; };
		74B36F75115B2A9800E3B2D1 /* sh_lsm.js in Resources */ = {isa = PBXBuildFile; fileRef = 74B36F23115B2A9800E3B2D1 /* sh_lsm.js */; };
		74B36F76115B2A9800E3B2D1 /* sh_m4.js in Resources */ = {isa = PBXBuildFile; fileRef = 74B36F24115B2A9800E3B2D1 /* sh_m4.js */; };
		74B36F77115B2A9800E3B2D1 /* sh_makefile.js in Resources */ = {isa = PBXBuildFile; fileRef = 74B36F25115B2A9800E3B2D1 /* sh_makefile.js */; };
		74B36F78115B2A9800E3B2D1 /* sh_oracle.js in Resources */ = {isa = PBXBuildFile; fileRef = 74B36F26115B2A9800E3B2D1 /* sh_oracle.js */; };
		74B36F79115B2A9800E3B2D1 /* sh_pascal.js in Resources */ = {isa = PBXBuildFile; fileRef = 74B36F27115B2A9800E3B2D1 /* sh_pascal.js */; };
		74B36F7A115B2A9800E3B2D1 /* sh_perl.js in Resources */ = {isa = PBXBuildFile; fileRef = 74B36F28115B2A9800E3B2D1 /* sh_perl.js */; };
		74B36F7B115B2A9800E3B2D1 /* sh_php.js in Resources */ = {isa = PBXBuildFile; fileRef = 74B36F29115B2A9800E3B2D1 /* sh_php.js */; };
		74B36F7C115B2A9800E3B2D1 /* sh_prolog.js in Resources */ = {isa = PBXBuildFile; fileRef = 74B36F2A115B2A9800E3B2D1 /* sh_prolog.js */; };
		74B36F7D115B2A9800E3B2D1 /* sh_properties.js in Resources */ = {isa = PBXBuildFile; fileRef = 74B36F2B115B2A9800E3B2D1 /* sh_properties.js */; };
		74B36F7E115B2A9800E3B2D1 /* sh_python.js in Resources */ = {isa = PBXBuildFile; fileRef = 74B36F2C115B2A9800E3B2D1 /* sh_python.js */; };
		74B36F7F115B2A9800E3B2D1 /* sh_ruby.js in Resources */ = {isa = PBXBuildFile; fileRef = 74B36F2D115B2A9800E3B2D1 /* sh_ruby.js */; };
		74B36F80115B2A9800E3B2D1 /* sh_scala.js in Resources */ = {isa = PBXBuildFile; fileRef = 74B36F2E115B2A9800E3B2D1 /* sh_scala.js */; };
		74B36F81115B2A9800E3B2D1 /* sh_sh.js in Resources */ = {isa = PBXBuildFile; fileRef = 74B36F2F115B2A9800E3B2D1 /* sh_sh.js */; };
		74B36F82115B2A9800E3B2D1 /* sh_slang.js in Resources */ = {isa = PBXBuildFile; fileRef = 74B36F30115B2A9800E3B2D1 /* sh_slang.js */; };
		74B36F83115B2A9800E3B2D1 /* sh_sml.js in Resources */ = {isa = PBXBuildFile; fileRef = 74B36F31115B2A9800E3B2D1 /* sh_sml.js */; };
		74B36F84115B2A9800E3B2D1 /* sh_spec.js in Resources */ = {isa = PBXBuildFile; fileRef = 74B36F32115B2A9800E3B2D1 /* sh_spec.js */; };
		74B36F85115B2A9800E3B2D1 /* sh_sql.js in Resources */ = {isa = PBXBuildFile; fileRef = 74B36F33115B2A9800E3B2D1 /* sh_sql.js */; };
		74B36F86115B2A9800E3B2D1 /* sh_tcl.js in Resources */ = {isa = PBXBuildFile; fileRef = 74B36F34115B2A9800E3B2D1 /* sh_tcl.js */; };
		74B36F87115B2A9800E3B2D1 /* sh_xml.js in Resources */ = {isa = PBXBuildFile; fileRef = 74B36F35115B2A9800E3B2D1 /* sh_xml.js */; };
		74B36F88115B2A9800E3B2D1 /* sh_xorg.js in Resources */ = {isa = PBXBuildFile; fileRef = 74B36F36115B2A9800E3B2D1 /* sh_xorg.js */; };
		74B36F89115B2A9800E3B2D1 /* sh_main.js in Resources */ = {isa = PBXBuildFile; fileRef = 74B36F37115B2A9800E3B2D1 /* sh_main.js */; };
		74B36F8A115B2A9800E3B2D1 /* sh_style.css in Resources */ = {isa = PBXBuildFile; fileRef = 74B36F38115B2A9800E3B2D1 /* sh_style.css */; };
		74B36F8E115B2AAA00E3B2D1 /* FileViewController.m in Sources */ = {isa = PBXBuildFile; fileRef = 74B36F8C115B2AAA00E3B2D1 /* FileViewController.m */; };
		74B36F8F115B2AAA00E3B2D1 /* FileViewController.xib in Resources */ = {isa = PBXBuildFile; fileRef = 74B36F8D115B2AAA00E3B2D1 /* FileViewController.xib */; };
		74B36FA4115B2B2A00E3B2D1 /* Project.m in Sources */ = {isa = PBXBuildFile; fileRef = 74B36FA1115B2B2A00E3B2D1 /* Project.m */; };
		74B36FA5115B2B2A00E3B2D1 /* ProjectFile.m in Sources */ = {isa = PBXBuildFile; fileRef = 74B36FA3115B2B2A00E3B2D1 /* ProjectFile.m */; };
		74B37176115CF37D00E3B2D1 /* QuartzCore.framework in Frameworks */ = {isa = PBXBuildFile; fileRef = 74B37175115CF37D00E3B2D1 /* QuartzCore.framework */; };
		74B371EF115DC8C300E3B2D1 /* libsqlite3.dylib in Frameworks */ = {isa = PBXBuildFile; fileRef = 74B371EE115DC8C300E3B2D1 /* libsqlite3.dylib */; };
		74B37211115DCF8500E3B2D1 /* Store.m in Sources */ = {isa = PBXBuildFile; fileRef = 74B37210115DCF8500E3B2D1 /* Store.m */; };
		74B3D575117AB92B00021611 /* FileTransfer.m in Sources */ = {isa = PBXBuildFile; fileRef = 74B3D574117AB92B00021611 /* FileTransfer.m */; };
		74D740211166E28C0010A592 /* RegexKitLite.m in Sources */ = {isa = PBXBuildFile; fileRef = 74D740201166E28C0010A592 /* RegexKitLite.m */; };
		74D7403A11674C2E0010A592 /* libicucore.dylib in Frameworks */ = {isa = PBXBuildFile; fileRef = 74D7403911674C2E0010A592 /* libicucore.dylib */; };
/* End PBXBuildFile section */

/* Begin PBXContainerItemProxy section */
		747EC13111614E32002D8CD8 /* PBXContainerItemProxy */ = {
			isa = PBXContainerItemProxy;
			containerPortal = 747EC12C11614E31002D8CD8 /* openssl.xcodeproj */;
			proxyType = 2;
			remoteGlobalIDString = 9069D28C0FCE659A0042E34C;
			remoteInfo = crypto;
		};
		747EC15211614F4A002D8CD8 /* PBXContainerItemProxy */ = {
			isa = PBXContainerItemProxy;
			containerPortal = 747EC12C11614E31002D8CD8 /* openssl.xcodeproj */;
			proxyType = 1;
			remoteGlobalIDString = 9069D28B0FCE659A0042E34C;
			remoteInfo = crypto;
		};
		747EC15411614F4F002D8CD8 /* PBXContainerItemProxy */ = {
			isa = PBXContainerItemProxy;
			containerPortal = 747EC12C11614E31002D8CD8 /* openssl.xcodeproj */;
			proxyType = 1;
			remoteGlobalIDString = 9069D13C0FCE35730042E34C;
			remoteInfo = make;
		};
/* End PBXContainerItemProxy section */

/* Begin PBXFileReference section */
		1D30AB110D05D00D00671497 /* Foundation.framework */ = {isa = PBXFileReference; lastKnownFileType = wrapper.framework; name = Foundation.framework; path = System/Library/Frameworks/Foundation.framework; sourceTree = SDKROOT; };
		1D3623240D0F684500981E51 /* SwiftCodeAppDelegate.h */ = {isa = PBXFileReference; fileEncoding = 4; lastKnownFileType = sourcecode.c.h; path = SwiftCodeAppDelegate.h; sourceTree = "<group>"; };
		1D3623250D0F684500981E51 /* SwiftCodeAppDelegate.m */ = {isa = PBXFileReference; fileEncoding = 4; lastKnownFileType = sourcecode.c.objc; path = SwiftCodeAppDelegate.m; sourceTree = "<group>"; };
		1D6058910D05DD3D006BFB54 /* SwiftCode.app */ = {isa = PBXFileReference; explicitFileType = wrapper.application; includeInIndex = 0; path = SwiftCode.app; sourceTree = BUILT_PRODUCTS_DIR; };
		1D6F1C391163F72D0000B47D /* MBProgressHUD.h */ = {isa = PBXFileReference; fileEncoding = 4; lastKnownFileType = sourcecode.c.h; path = MBProgressHUD.h; sourceTree = "<group>"; };
		1D6F1C3A1163F72E0000B47D /* MBProgressHUD.m */ = {isa = PBXFileReference; fileEncoding = 4; lastKnownFileType = sourcecode.c.objc; path = MBProgressHUD.m; sourceTree = "<group>"; };
		1DA64163117DEFE300B6D438 /* ProjectTask.h */ = {isa = PBXFileReference; fileEncoding = 4; lastKnownFileType = sourcecode.c.h; path = ProjectTask.h; sourceTree = "<group>"; };
		1DA64164117DEFE300B6D438 /* ProjectTask.m */ = {isa = PBXFileReference; fileEncoding = 4; lastKnownFileType = sourcecode.c.objc; path = ProjectTask.m; sourceTree = "<group>"; };
		1DB6EDA511766EAF00FFC659 /* Synchronizer.h */ = {isa = PBXFileReference; fileEncoding = 4; lastKnownFileType = sourcecode.c.h; path = Synchronizer.h; sourceTree = "<group>"; };
		1DB6EDA611766EAF00FFC659 /* Synchronizer.m */ = {isa = PBXFileReference; fileEncoding = 4; lastKnownFileType = sourcecode.c.objc; path = Synchronizer.m; sourceTree = "<group>"; };
		1DF12F9211789A18008927B0 /* CommandDispatcher.h */ = {isa = PBXFileReference; fileEncoding = 4; lastKnownFileType = sourcecode.c.h; path = CommandDispatcher.h; sourceTree = "<group>"; };
		1DF12F9311789A18008927B0 /* CommandDispatcher.m */ = {isa = PBXFileReference; fileEncoding = 4; lastKnownFileType = sourcecode.c.objc; path = CommandDispatcher.m; sourceTree = "<group>"; };
		1DF5F4DF0D08C38300B7A737 /* UIKit.framework */ = {isa = PBXFileReference; lastKnownFileType = wrapper.framework; name = UIKit.framework; path = System/Library/Frameworks/UIKit.framework; sourceTree = SDKROOT; };
		28042007108E984D000629CD /* RootViewController.h */ = {isa = PBXFileReference; fileEncoding = 4; lastKnownFileType = sourcecode.c.h; path = RootViewController.h; sourceTree = "<group>"; };
		28042008108E984D000629CD /* RootViewController.m */ = {isa = PBXFileReference; fileEncoding = 4; lastKnownFileType = sourcecode.c.objc; path = RootViewController.m; sourceTree = "<group>"; };
		28042009108E984D000629CD /* DetailViewController.h */ = {isa = PBXFileReference; fileEncoding = 4; lastKnownFileType = sourcecode.c.h; path = DetailViewController.h; sourceTree = "<group>"; };
		2804200A108E984D000629CD /* DetailViewController.m */ = {isa = PBXFileReference; fileEncoding = 4; lastKnownFileType = sourcecode.c.objc; path = DetailViewController.m; sourceTree = "<group>"; };
		2804203B108E9BAB000629CD /* DetailView.xib */ = {isa = PBXFileReference; lastKnownFileType = file.xib; path = DetailView.xib; sourceTree = "<group>"; };
		2892E40F0DC94CBA00A64D0F /* CoreGraphics.framework */ = {isa = PBXFileReference; lastKnownFileType = wrapper.framework; name = CoreGraphics.framework; path = System/Library/Frameworks/CoreGraphics.framework; sourceTree = SDKROOT; };
		28A0AAE50D9B0CCF005BE974 /* SwiftCode_Prefix.pch */ = {isa = PBXFileReference; fileEncoding = 4; lastKnownFileType = sourcecode.c.h; path = SwiftCode_Prefix.pch; sourceTree = "<group>"; };
		28AD735F0D9D9599002E5188 /* MainWindow.xib */ = {isa = PBXFileReference; lastKnownFileType = file.xib; path = MainWindow.xib; sourceTree = "<group>"; };
		29B97316FDCFA39411CA2CEA /* main.m */ = {isa = PBXFileReference; fileEncoding = 4; lastKnownFileType = sourcecode.c.objc; path = main.m; sourceTree = "<group>"; };
		74610D8611642BB000CF7B04 /* ProjectFileSelector.h */ = {isa = PBXFileReference; fileEncoding = 4; lastKnownFileType = sourcecode.c.h; path = ProjectFileSelector.h; sourceTree = "<group>"; };
		74610D8711642BB000CF7B04 /* ProjectFileSelector.m */ = {isa = PBXFileReference; fileEncoding = 4; lastKnownFileType = sourcecode.c.objc; path = ProjectFileSelector.m; sourceTree = "<group>"; };
		74610D8811642BB000CF7B04 /* ProjectFileSelector.xib */ = {isa = PBXFileReference; lastKnownFileType = file.xib; name = ProjectFileSelector.xib; path = Classes/ProjectFileSelector.xib; sourceTree = "<group>"; };
		7476797E11806AEF005F4493 /* Icon.png */ = {isa = PBXFileReference; lastKnownFileType = image.png; path = Icon.png; sourceTree = "<group>"; };
		747EB82A11613806002D8CD8 /* agent.c */ = {isa = PBXFileReference; fileEncoding = 4; lastKnownFileType = sourcecode.c.c; name = agent.c; path = SSH/libssh2/agent.c; sourceTree = "<group>"; };
		747EB82B11613806002D8CD8 /* channel.c */ = {isa = PBXFileReference; fileEncoding = 4; lastKnownFileType = sourcecode.c.c; name = channel.c; path = SSH/libssh2/channel.c; sourceTree = "<group>"; };
		747EB82C11613806002D8CD8 /* channel.h */ = {isa = PBXFileReference; fileEncoding = 4; lastKnownFileType = sourcecode.c.h; name = channel.h; path = SSH/libssh2/channel.h; sourceTree = "<group>"; };
		747EB82D11613806002D8CD8 /* comp.c */ = {isa = PBXFileReference; fileEncoding = 4; lastKnownFileType = sourcecode.c.c; name = comp.c; path = SSH/libssh2/comp.c; sourceTree = "<group>"; };
		747EB82E11613806002D8CD8 /* comp.h */ = {isa = PBXFileReference; fileEncoding = 4; lastKnownFileType = sourcecode.c.h; name = comp.h; path = SSH/libssh2/comp.h; sourceTree = "<group>"; };
		747EB82F11613806002D8CD8 /* crypt.c */ = {isa = PBXFileReference; fileEncoding = 4; lastKnownFileType = sourcecode.c.c; name = crypt.c; path = SSH/libssh2/crypt.c; sourceTree = "<group>"; };
		747EB83011613806002D8CD8 /* hostkey.c */ = {isa = PBXFileReference; fileEncoding = 4; lastKnownFileType = sourcecode.c.c; name = hostkey.c; path = SSH/libssh2/hostkey.c; sourceTree = "<group>"; };
		747EB83111613806002D8CD8 /* kex.c */ = {isa = PBXFileReference; fileEncoding = 4; lastKnownFileType = sourcecode.c.c; name = kex.c; path = SSH/libssh2/kex.c; sourceTree = "<group>"; };
		747EB83211613806002D8CD8 /* knownhost.c */ = {isa = PBXFileReference; fileEncoding = 4; lastKnownFileType = sourcecode.c.c; name = knownhost.c; path = SSH/libssh2/knownhost.c; sourceTree = "<group>"; };
		747EB83311613806002D8CD8 /* libgcrypt.c */ = {isa = PBXFileReference; fileEncoding = 4; lastKnownFileType = sourcecode.c.c; name = libgcrypt.c; path = SSH/libssh2/libgcrypt.c; sourceTree = "<group>"; };
		747EB83411613806002D8CD8 /* libgcrypt.h */ = {isa = PBXFileReference; fileEncoding = 4; lastKnownFileType = sourcecode.c.h; name = libgcrypt.h; path = SSH/libssh2/libgcrypt.h; sourceTree = "<group>"; };
		747EB83511613806002D8CD8 /* libssh2_config.h */ = {isa = PBXFileReference; fileEncoding = 4; lastKnownFileType = sourcecode.c.h; name = libssh2_config.h; path = SSH/libssh2/libssh2_config.h; sourceTree = "<group>"; };
		747EB83611613806002D8CD8 /* libssh2_priv.h */ = {isa = PBXFileReference; fileEncoding = 4; lastKnownFileType = sourcecode.c.h; name = libssh2_priv.h; path = SSH/libssh2/libssh2_priv.h; sourceTree = "<group>"; };
		747EB83711613806002D8CD8 /* mac.c */ = {isa = PBXFileReference; fileEncoding = 4; lastKnownFileType = sourcecode.c.c; name = mac.c; path = SSH/libssh2/mac.c; sourceTree = "<group>"; };
		747EB83811613806002D8CD8 /* mac.h */ = {isa = PBXFileReference; fileEncoding = 4; lastKnownFileType = sourcecode.c.h; name = mac.h; path = SSH/libssh2/mac.h; sourceTree = "<group>"; };
		747EB83911613806002D8CD8 /* misc.c */ = {isa = PBXFileReference; fileEncoding = 4; lastKnownFileType = sourcecode.c.c; name = misc.c; path = SSH/libssh2/misc.c; sourceTree = "<group>"; };
		747EB83A11613806002D8CD8 /* misc.h */ = {isa = PBXFileReference; fileEncoding = 4; lastKnownFileType = sourcecode.c.h; name = misc.h; path = SSH/libssh2/misc.h; sourceTree = "<group>"; };
		747EB83B11613806002D8CD8 /* openssl.c */ = {isa = PBXFileReference; fileEncoding = 4; lastKnownFileType = sourcecode.c.c; name = openssl.c; path = SSH/libssh2/openssl.c; sourceTree = "<group>"; };
		747EB83C11613806002D8CD8 /* openssl.h */ = {isa = PBXFileReference; fileEncoding = 4; lastKnownFileType = sourcecode.c.h; name = openssl.h; path = SSH/libssh2/openssl.h; sourceTree = "<group>"; };
		747EB83D11613806002D8CD8 /* packet.c */ = {isa = PBXFileReference; fileEncoding = 4; lastKnownFileType = sourcecode.c.c; name = packet.c; path = SSH/libssh2/packet.c; sourceTree = "<group>"; };
		747EB83E11613806002D8CD8 /* pem.c */ = {isa = PBXFileReference; fileEncoding = 4; lastKnownFileType = sourcecode.c.c; name = pem.c; path = SSH/libssh2/pem.c; sourceTree = "<group>"; };
		747EB83F11613806002D8CD8 /* publickey.c */ = {isa = PBXFileReference; fileEncoding = 4; lastKnownFileType = sourcecode.c.c; name = publickey.c; path = SSH/libssh2/publickey.c; sourceTree = "<group>"; };
		747EB84011613806002D8CD8 /* scp.c */ = {isa = PBXFileReference; fileEncoding = 4; lastKnownFileType = sourcecode.c.c; name = scp.c; path = SSH/libssh2/scp.c; sourceTree = "<group>"; };
		747EB84111613806002D8CD8 /* session.c */ = {isa = PBXFileReference; fileEncoding = 4; lastKnownFileType = sourcecode.c.c; name = session.c; path = SSH/libssh2/session.c; sourceTree = "<group>"; };
		747EB84211613806002D8CD8 /* sftp.c */ = {isa = PBXFileReference; fileEncoding = 4; lastKnownFileType = sourcecode.c.c; name = sftp.c; path = SSH/libssh2/sftp.c; sourceTree = "<group>"; };
		747EB84311613806002D8CD8 /* transport.c */ = {isa = PBXFileReference; fileEncoding = 4; lastKnownFileType = sourcecode.c.c; name = transport.c; path = SSH/libssh2/transport.c; sourceTree = "<group>"; };
		747EB84411613806002D8CD8 /* transport.h */ = {isa = PBXFileReference; fileEncoding = 4; lastKnownFileType = sourcecode.c.h; name = transport.h; path = SSH/libssh2/transport.h; sourceTree = "<group>"; };
		747EB84511613806002D8CD8 /* userauth.c */ = {isa = PBXFileReference; fileEncoding = 4; lastKnownFileType = sourcecode.c.c; name = userauth.c; path = SSH/libssh2/userauth.c; sourceTree = "<group>"; };
		747EB84611613806002D8CD8 /* version.c */ = {isa = PBXFileReference; fileEncoding = 4; lastKnownFileType = sourcecode.c.c; name = version.c; path = SSH/libssh2/version.c; sourceTree = "<group>"; };
		747EC12C11614E31002D8CD8 /* openssl.xcodeproj */ = {isa = PBXFileReference; lastKnownFileType = "wrapper.pb-project"; name = openssl.xcodeproj; path = "../openssl-xcode/openssl.xcodeproj"; sourceTree = SOURCE_ROOT; };
		747EC14211614EC9002D8CD8 /* libssh2_publickey.h */ = {isa = PBXFileReference; fileEncoding = 4; lastKnownFileType = sourcecode.c.h; name = libssh2_publickey.h; path = SSH/libssh2/libssh2_publickey.h; sourceTree = "<group>"; };
		747EC14311614EC9002D8CD8 /* libssh2_sftp.h */ = {isa = PBXFileReference; fileEncoding = 4; lastKnownFileType = sourcecode.c.h; name = libssh2_sftp.h; path = SSH/libssh2/libssh2_sftp.h; sourceTree = "<group>"; };
		747EC14411614EC9002D8CD8 /* libssh2.h */ = {isa = PBXFileReference; fileEncoding = 4; lastKnownFileType = sourcecode.c.h; name = libssh2.h; path = SSH/libssh2/libssh2.h; sourceTree = "<group>"; };
		747EC174116150D8002D8CD8 /* libz.dylib */ = {isa = PBXFileReference; lastKnownFileType = "compiled.mach-o.dylib"; name = libz.dylib; path = usr/lib/libz.dylib; sourceTree = SDKROOT; };
		74A5ACE411709E05006A48A3 /* FileEditController.h */ = {isa = PBXFileReference; fileEncoding = 4; lastKnownFileType = sourcecode.c.h; path = FileEditController.h; sourceTree = "<group>"; };
		74A5ACE511709E05006A48A3 /* FileEditController.m */ = {isa = PBXFileReference; fileEncoding = 4; lastKnownFileType = sourcecode.c.objc; path = FileEditController.m; sourceTree = "<group>"; };
		74A5ACE611709E05006A48A3 /* FileEditController.xib */ = {isa = PBXFileReference; lastKnownFileType = file.xib; name = FileEditController.xib; path = Classes/FileEditController.xib; sourceTree = "<group>"; };
		74AE5E70115E783B006CA577 /* Utils.h */ = {isa = PBXFileReference; fileEncoding = 4; lastKnownFileType = sourcecode.c.h; path = Utils.h; sourceTree = "<group>"; };
		74AE5E71115E783B006CA577 /* Utils.m */ = {isa = PBXFileReference; fileEncoding = 4; lastKnownFileType = sourcecode.c.objc; path = Utils.m; sourceTree = "<group>"; };
		74AE5E84115E7BFC006CA577 /* ProjectSettingsController.h */ = {isa = PBXFileReference; fileEncoding = 4; lastKnownFileType = sourcecode.c.h; path = ProjectSettingsController.h; sourceTree = "<group>"; };
		74AE5E85115E7BFC006CA577 /* ProjectSettingsController.m */ = {isa = PBXFileReference; fileEncoding = 4; lastKnownFileType = sourcecode.c.objc; path = ProjectSettingsController.m; sourceTree = "<group>"; };
		74AE5E86115E7BFC006CA577 /* ProjectSettingsController.xib */ = {isa = PBXFileReference; lastKnownFileType = file.xib; name = ProjectSettingsController.xib; path = Classes/ProjectSettingsController.xib; sourceTree = "<group>"; };
		74AE612C1160399C006CA577 /* Shell.h */ = {isa = PBXFileReference; fileEncoding = 4; lastKnownFileType = sourcecode.c.h; path = Shell.h; sourceTree = "<group>"; };
		74AE612D1160399C006CA577 /* Shell.m */ = {isa = PBXFileReference; fileEncoding = 4; lastKnownFileType = sourcecode.c.objc; path = Shell.m; sourceTree = "<group>"; };
		74B36E97115B146D00E3B2D1 /* ContentPaneSwitcher.xib */ = {isa = PBXFileReference; lastKnownFileType = file.xib; path = ContentPaneSwitcher.xib; sourceTree = "<group>"; };
		74B36E9E115B28FF00E3B2D1 /* SwitchController.xib */ = {isa = PBXFileReference; lastKnownFileType = file.xib; name = SwitchController.xib; path = Classes/SwitchController.xib; sourceTree = "<group>"; };
		74B36EE4115B2A9700E3B2D1 /* editor.html */ = {isa = PBXFileReference; fileEncoding = 4; lastKnownFileType = text.html; path = editor.html; sourceTree = "<group>"; };
		74B36EE5115B2A9800E3B2D1 /* jquery-1.4.2.min.js */ = {isa = PBXFileReference; fileEncoding = 4; lastKnownFileType = sourcecode.javascript; path = "jquery-1.4.2.min.js"; sourceTree = "<group>"; };
		74B36EE8115B2A9800E3B2D1 /* sh_acid.css */ = {isa = PBXFileReference; fileEncoding = 4; lastKnownFileType = text.css; path = sh_acid.css; sourceTree = "<group>"; };
		74B36EE9115B2A9800E3B2D1 /* sh_berries-dark.css */ = {isa = PBXFileReference; fileEncoding = 4; lastKnownFileType = text.css; path = "sh_berries-dark.css"; sourceTree = "<group>"; };
		74B36EEA115B2A9800E3B2D1 /* sh_berries-light.css */ = {isa = PBXFileReference; fileEncoding = 4; lastKnownFileType = text.css; path = "sh_berries-light.css"; sourceTree = "<group>"; };
		74B36EEB115B2A9800E3B2D1 /* sh_bipolar.css */ = {isa = PBXFileReference; fileEncoding = 4; lastKnownFileType = text.css; path = sh_bipolar.css; sourceTree = "<group>"; };
		74B36EEC115B2A9800E3B2D1 /* sh_blacknblue.css */ = {isa = PBXFileReference; fileEncoding = 4; lastKnownFileType = text.css; path = sh_blacknblue.css; sourceTree = "<group>"; };
		74B36EED115B2A9800E3B2D1 /* sh_bright.css */ = {isa = PBXFileReference; fileEncoding = 4; lastKnownFileType = text.css; path = sh_bright.css; sourceTree = "<group>"; };
		74B36EEE115B2A9800E3B2D1 /* sh_contrast.css */ = {isa = PBXFileReference; fileEncoding = 4; lastKnownFileType = text.css; path = sh_contrast.css; sourceTree = "<group>"; };
		74B36EEF115B2A9800E3B2D1 /* sh_darkblue.css */ = {isa = PBXFileReference; fileEncoding = 4; lastKnownFileType = text.css; path = sh_darkblue.css; sourceTree = "<group>"; };
		74B36EF0115B2A9800E3B2D1 /* sh_darkness.css */ = {isa = PBXFileReference; fileEncoding = 4; lastKnownFileType = text.css; path = sh_darkness.css; sourceTree = "<group>"; };
		74B36EF1115B2A9800E3B2D1 /* sh_desert.css */ = {isa = PBXFileReference; fileEncoding = 4; lastKnownFileType = text.css; path = sh_desert.css; sourceTree = "<group>"; };
		74B36EF2115B2A9800E3B2D1 /* sh_dull.css */ = {isa = PBXFileReference; fileEncoding = 4; lastKnownFileType = text.css; path = sh_dull.css; sourceTree = "<group>"; };
		74B36EF3115B2A9800E3B2D1 /* sh_easter.css */ = {isa = PBXFileReference; fileEncoding = 4; lastKnownFileType = text.css; path = sh_easter.css; sourceTree = "<group>"; };
		74B36EF4115B2A9800E3B2D1 /* sh_emacs.css */ = {isa = PBXFileReference; fileEncoding = 4; lastKnownFileType = text.css; path = sh_emacs.css; sourceTree = "<group>"; };
		74B36EF5115B2A9800E3B2D1 /* sh_golden.css */ = {isa = PBXFileReference; fileEncoding = 4; lastKnownFileType = text.css; path = sh_golden.css; sourceTree = "<group>"; };
		74B36EF6115B2A9800E3B2D1 /* sh_greenlcd.css */ = {isa = PBXFileReference; fileEncoding = 4; lastKnownFileType = text.css; path = sh_greenlcd.css; sourceTree = "<group>"; };
		74B36EF7115B2A9800E3B2D1 /* sh_ide-anjuta.css */ = {isa = PBXFileReference; fileEncoding = 4; lastKnownFileType = text.css; path = "sh_ide-anjuta.css"; sourceTree = "<group>"; };
		74B36EF8115B2A9800E3B2D1 /* sh_ide-codewarrior.css */ = {isa = PBXFileReference; fileEncoding = 4; lastKnownFileType = text.css; path = "sh_ide-codewarrior.css"; sourceTree = "<group>"; };
		74B36EF9115B2A9800E3B2D1 /* sh_ide-devcpp.css */ = {isa = PBXFileReference; fileEncoding = 4; lastKnownFileType = text.css; path = "sh_ide-devcpp.css"; sourceTree = "<group>"; };
		74B36EFA115B2A9800E3B2D1 /* sh_ide-eclipse.css */ = {isa = PBXFileReference; fileEncoding = 4; lastKnownFileType = text.css; path = "sh_ide-eclipse.css"; sourceTree = "<group>"; };
		74B36EFB115B2A9800E3B2D1 /* sh_ide-kdev.css */ = {isa = PBXFileReference; fileEncoding = 4; lastKnownFileType = text.css; path = "sh_ide-kdev.css"; sourceTree = "<group>"; };
		74B36EFC115B2A9800E3B2D1 /* sh_ide-msvcpp.css */ = {isa = PBXFileReference; fileEncoding = 4; lastKnownFileType = text.css; path = "sh_ide-msvcpp.css"; sourceTree = "<group>"; };
		74B36EFD115B2A9800E3B2D1 /* sh_kwrite.css */ = {isa = PBXFileReference; fileEncoding = 4; lastKnownFileType = text.css; path = sh_kwrite.css; sourceTree = "<group>"; };
		74B36EFE115B2A9800E3B2D1 /* sh_matlab.css */ = {isa = PBXFileReference; fileEncoding = 4; lastKnownFileType = text.css; path = sh_matlab.css; sourceTree = "<group>"; };
		74B36EFF115B2A9800E3B2D1 /* sh_navy.css */ = {isa = PBXFileReference; fileEncoding = 4; lastKnownFileType = text.css; path = sh_navy.css; sourceTree = "<group>"; };
		74B36F00115B2A9800E3B2D1 /* sh_nedit.css */ = {isa = PBXFileReference; fileEncoding = 4; lastKnownFileType = text.css; path = sh_nedit.css; sourceTree = "<group>"; };
		74B36F01115B2A9800E3B2D1 /* sh_neon.css */ = {isa = PBXFileReference; fileEncoding = 4; lastKnownFileType = text.css; path = sh_neon.css; sourceTree = "<group>"; };
		74B36F02115B2A9800E3B2D1 /* sh_night.css */ = {isa = PBXFileReference; fileEncoding = 4; lastKnownFileType = text.css; path = sh_night.css; sourceTree = "<group>"; };
		74B36F03115B2A9800E3B2D1 /* sh_pablo.css */ = {isa = PBXFileReference; fileEncoding = 4; lastKnownFileType = text.css; path = sh_pablo.css; sourceTree = "<group>"; };
		74B36F04115B2A9800E3B2D1 /* sh_peachpuff.css */ = {isa = PBXFileReference; fileEncoding = 4; lastKnownFileType = text.css; path = sh_peachpuff.css; sourceTree = "<group>"; };
		74B36F05115B2A9800E3B2D1 /* sh_print.css */ = {isa = PBXFileReference; fileEncoding = 4; lastKnownFileType = text.css; path = sh_print.css; sourceTree = "<group>"; };
		74B36F06115B2A9800E3B2D1 /* sh_rand01.css */ = {isa = PBXFileReference; fileEncoding = 4; lastKnownFileType = text.css; path = sh_rand01.css; sourceTree = "<group>"; };
		74B36F07115B2A9800E3B2D1 /* sh_the.css */ = {isa = PBXFileReference; fileEncoding = 4; lastKnownFileType = text.css; path = sh_the.css; sourceTree = "<group>"; };
		74B36F08115B2A9800E3B2D1 /* sh_typical.css */ = {isa = PBXFileReference; fileEncoding = 4; lastKnownFileType = text.css; path = sh_typical.css; sourceTree = "<group>"; };
		74B36F09115B2A9800E3B2D1 /* sh_vampire.css */ = {isa = PBXFileReference; fileEncoding = 4; lastKnownFileType = text.css; path = sh_vampire.css; sourceTree = "<group>"; };
		74B36F0A115B2A9800E3B2D1 /* sh_vim-dark.css */ = {isa = PBXFileReference; fileEncoding = 4; lastKnownFileType = text.css; path = "sh_vim-dark.css"; sourceTree = "<group>"; };
		74B36F0B115B2A9800E3B2D1 /* sh_vim.css */ = {isa = PBXFileReference; fileEncoding = 4; lastKnownFileType = text.css; path = sh_vim.css; sourceTree = "<group>"; };
		74B36F0C115B2A9800E3B2D1 /* sh_whatis.css */ = {isa = PBXFileReference; fileEncoding = 4; lastKnownFileType = text.css; path = sh_whatis.css; sourceTree = "<group>"; };
		74B36F0D115B2A9800E3B2D1 /* sh_whitengrey.css */ = {isa = PBXFileReference; fileEncoding = 4; lastKnownFileType = text.css; path = sh_whitengrey.css; sourceTree = "<group>"; };
		74B36F0E115B2A9800E3B2D1 /* sh_zellner.css */ = {isa = PBXFileReference; fileEncoding = 4; lastKnownFileType = text.css; path = sh_zellner.css; sourceTree = "<group>"; };
		74B36F10115B2A9800E3B2D1 /* sh_bison.js */ = {isa = PBXFileReference; fileEncoding = 4; lastKnownFileType = sourcecode.javascript; path = sh_bison.js; sourceTree = "<group>"; };
		74B36F11115B2A9800E3B2D1 /* sh_c.js */ = {isa = PBXFileReference; fileEncoding = 4; lastKnownFileType = sourcecode.javascript; path = sh_c.js; sourceTree = "<group>"; };
		74B36F12115B2A9800E3B2D1 /* sh_caml.js */ = {isa = PBXFileReference; fileEncoding = 4; lastKnownFileType = sourcecode.javascript; path = sh_caml.js; sourceTree = "<group>"; };
		74B36F13115B2A9800E3B2D1 /* sh_changelog.js */ = {isa = PBXFileReference; fileEncoding = 4; lastKnownFileType = sourcecode.javascript; path = sh_changelog.js; sourceTree = "<group>"; };
		74B36F14115B2A9800E3B2D1 /* sh_cpp.js */ = {isa = PBXFileReference; fileEncoding = 4; lastKnownFileType = sourcecode.javascript; path = sh_cpp.js; sourceTree = "<group>"; };
		74B36F15115B2A9800E3B2D1 /* sh_csharp.js */ = {isa = PBXFileReference; fileEncoding = 4; lastKnownFileType = sourcecode.javascript; path = sh_csharp.js; sourceTree = "<group>"; };
		74B36F16115B2A9800E3B2D1 /* sh_css.js */ = {isa = PBXFileReference; fileEncoding = 4; lastKnownFileType = sourcecode.javascript; path = sh_css.js; sourceTree = "<group>"; };
		74B36F17115B2A9800E3B2D1 /* sh_desktop.js */ = {isa = PBXFileReference; fileEncoding = 4; lastKnownFileType = sourcecode.javascript; path = sh_desktop.js; sourceTree = "<group>"; };
		74B36F18115B2A9800E3B2D1 /* sh_diff.js */ = {isa = PBXFileReference; fileEncoding = 4; lastKnownFileType = sourcecode.javascript; path = sh_diff.js; sourceTree = "<group>"; };
		74B36F19115B2A9800E3B2D1 /* sh_flex.js */ = {isa = PBXFileReference; fileEncoding = 4; lastKnownFileType = sourcecode.javascript; path = sh_flex.js; sourceTree = "<group>"; };
		74B36F1A115B2A9800E3B2D1 /* sh_glsl.js */ = {isa = PBXFileReference; fileEncoding = 4; lastKnownFileType = sourcecode.javascript; path = sh_glsl.js; sourceTree = "<group>"; };
		74B36F1B115B2A9800E3B2D1 /* sh_haxe.js */ = {isa = PBXFileReference; fileEncoding = 4; lastKnownFileType = sourcecode.javascript; path = sh_haxe.js; sourceTree = "<group>"; };
		74B36F1C115B2A9800E3B2D1 /* sh_html.js */ = {isa = PBXFileReference; fileEncoding = 4; lastKnownFileType = sourcecode.javascript; path = sh_html.js; sourceTree = "<group>"; };
		74B36F1D115B2A9800E3B2D1 /* sh_java.js */ = {isa = PBXFileReference; fileEncoding = 4; lastKnownFileType = sourcecode.javascript; path = sh_java.js; sourceTree = "<group>"; };
		74B36F1E115B2A9800E3B2D1 /* sh_javascript.js */ = {isa = PBXFileReference; fileEncoding = 4; lastKnownFileType = sourcecode.javascript; path = sh_javascript.js; sourceTree = "<group>"; };
		74B36F1F115B2A9800E3B2D1 /* sh_javascript_dom.js */ = {isa = PBXFileReference; fileEncoding = 4; lastKnownFileType = sourcecode.javascript; path = sh_javascript_dom.js; sourceTree = "<group>"; };
		74B36F20115B2A9800E3B2D1 /* sh_latex.js */ = {isa = PBXFileReference; fileEncoding = 4; lastKnownFileType = sourcecode.javascript; path = sh_latex.js; sourceTree = "<group>"; };
		74B36F21115B2A9800E3B2D1 /* sh_ldap.js */ = {isa = PBXFileReference; fileEncoding = 4; lastKnownFileType = sourcecode.javascript; path = sh_ldap.js; sourceTree = "<group>"; };
		74B36F22115B2A9800E3B2D1 /* sh_log.js */ = {isa = PBXFileReference; fileEncoding = 4; lastKnownFileType = sourcecode.javascript; path = sh_log.js; sourceTree = "<group>"; };
		74B36F23115B2A9800E3B2D1 /* sh_lsm.js */ = {isa = PBXFileReference; fileEncoding = 4; lastKnownFileType = sourcecode.javascript; path = sh_lsm.js; sourceTree = "<group>"; };
		74B36F24115B2A9800E3B2D1 /* sh_m4.js */ = {isa = PBXFileReference; fileEncoding = 4; lastKnownFileType = sourcecode.javascript; path = sh_m4.js; sourceTree = "<group>"; };
		74B36F25115B2A9800E3B2D1 /* sh_makefile.js */ = {isa = PBXFileReference; fileEncoding = 4; lastKnownFileType = sourcecode.javascript; path = sh_makefile.js; sourceTree = "<group>"; };
		74B36F26115B2A9800E3B2D1 /* sh_oracle.js */ = {isa = PBXFileReference; fileEncoding = 4; lastKnownFileType = sourcecode.javascript; path = sh_oracle.js; sourceTree = "<group>"; };
		74B36F27115B2A9800E3B2D1 /* sh_pascal.js */ = {isa = PBXFileReference; fileEncoding = 4; lastKnownFileType = sourcecode.javascript; path = sh_pascal.js; sourceTree = "<group>"; };
		74B36F28115B2A9800E3B2D1 /* sh_perl.js */ = {isa = PBXFileReference; fileEncoding = 4; lastKnownFileType = sourcecode.javascript; path = sh_perl.js; sourceTree = "<group>"; };
		74B36F29115B2A9800E3B2D1 /* sh_php.js */ = {isa = PBXFileReference; fileEncoding = 4; lastKnownFileType = sourcecode.javascript; path = sh_php.js; sourceTree = "<group>"; };
		74B36F2A115B2A9800E3B2D1 /* sh_prolog.js */ = {isa = PBXFileReference; fileEncoding = 4; lastKnownFileType = sourcecode.javascript; path = sh_prolog.js; sourceTree = "<group>"; };
		74B36F2B115B2A9800E3B2D1 /* sh_properties.js */ = {isa = PBXFileReference; fileEncoding = 4; lastKnownFileType = sourcecode.javascript; path = sh_properties.js; sourceTree = "<group>"; };
		74B36F2C115B2A9800E3B2D1 /* sh_python.js */ = {isa = PBXFileReference; fileEncoding = 4; lastKnownFileType = sourcecode.javascript; path = sh_python.js; sourceTree = "<group>"; };
		74B36F2D115B2A9800E3B2D1 /* sh_ruby.js */ = {isa = PBXFileReference; fileEncoding = 4; lastKnownFileType = sourcecode.javascript; path = sh_ruby.js; sourceTree = "<group>"; };
		74B36F2E115B2A9800E3B2D1 /* sh_scala.js */ = {isa = PBXFileReference; fileEncoding = 4; lastKnownFileType = sourcecode.javascript; path = sh_scala.js; sourceTree = "<group>"; };
		74B36F2F115B2A9800E3B2D1 /* sh_sh.js */ = {isa = PBXFileReference; fileEncoding = 4; lastKnownFileType = sourcecode.javascript; path = sh_sh.js; sourceTree = "<group>"; };
		74B36F30115B2A9800E3B2D1 /* sh_slang.js */ = {isa = PBXFileReference; fileEncoding = 4; lastKnownFileType = sourcecode.javascript; path = sh_slang.js; sourceTree = "<group>"; };
		74B36F31115B2A9800E3B2D1 /* sh_sml.js */ = {isa = PBXFileReference; fileEncoding = 4; lastKnownFileType = sourcecode.javascript; path = sh_sml.js; sourceTree = "<group>"; };
		74B36F32115B2A9800E3B2D1 /* sh_spec.js */ = {isa = PBXFileReference; fileEncoding = 4; lastKnownFileType = sourcecode.javascript; path = sh_spec.js; sourceTree = "<group>"; };
		74B36F33115B2A9800E3B2D1 /* sh_sql.js */ = {isa = PBXFileReference; fileEncoding = 4; lastKnownFileType = sourcecode.javascript; path = sh_sql.js; sourceTree = "<group>"; };
		74B36F34115B2A9800E3B2D1 /* sh_tcl.js */ = {isa = PBXFileReference; fileEncoding = 4; lastKnownFileType = sourcecode.javascript; path = sh_tcl.js; sourceTree = "<group>"; };
		74B36F35115B2A9800E3B2D1 /* sh_xml.js */ = {isa = PBXFileReference; fileEncoding = 4; lastKnownFileType = sourcecode.javascript; path = sh_xml.js; sourceTree = "<group>"; };
		74B36F36115B2A9800E3B2D1 /* sh_xorg.js */ = {isa = PBXFileReference; fileEncoding = 4; lastKnownFileType = sourcecode.javascript; path = sh_xorg.js; sourceTree = "<group>"; };
		74B36F37115B2A9800E3B2D1 /* sh_main.js */ = {isa = PBXFileReference; fileEncoding = 4; lastKnownFileType = sourcecode.javascript; path = sh_main.js; sourceTree = "<group>"; };
		74B36F38115B2A9800E3B2D1 /* sh_style.css */ = {isa = PBXFileReference; fileEncoding = 4; lastKnownFileType = text.css; path = sh_style.css; sourceTree = "<group>"; };
		74B36F8B115B2AAA00E3B2D1 /* FileViewController.h */ = {isa = PBXFileReference; fileEncoding = 4; lastKnownFileType = sourcecode.c.h; name = FileViewController.h; path = ../FileViewController.h; sourceTree = "<group>"; };
		74B36F8C115B2AAA00E3B2D1 /* FileViewController.m */ = {isa = PBXFileReference; fileEncoding = 4; lastKnownFileType = sourcecode.c.objc; name = FileViewController.m; path = ../FileViewController.m; sourceTree = "<group>"; };
		74B36F8D115B2AAA00E3B2D1 /* FileViewController.xib */ = {isa = PBXFileReference; lastKnownFileType = file.xib; path = FileViewController.xib; sourceTree = "<group>"; };
		74B36FA0115B2B2A00E3B2D1 /* Project.h */ = {isa = PBXFileReference; fileEncoding = 4; lastKnownFileType = sourcecode.c.h; path = Project.h; sourceTree = "<group>"; };
		74B36FA1115B2B2A00E3B2D1 /* Project.m */ = {isa = PBXFileReference; fileEncoding = 4; lastKnownFileType = sourcecode.c.objc; path = Project.m; sourceTree = "<group>"; };
		74B36FA2115B2B2A00E3B2D1 /* ProjectFile.h */ = {isa = PBXFileReference; fileEncoding = 4; lastKnownFileType = sourcecode.c.h; path = ProjectFile.h; sourceTree = "<group>"; };
		74B36FA3115B2B2A00E3B2D1 /* ProjectFile.m */ = {isa = PBXFileReference; fileEncoding = 4; lastKnownFileType = sourcecode.c.objc; path = ProjectFile.m; sourceTree = "<group>"; };
		74B37175115CF37D00E3B2D1 /* QuartzCore.framework */ = {isa = PBXFileReference; lastKnownFileType = wrapper.framework; name = QuartzCore.framework; path = System/Library/Frameworks/QuartzCore.framework; sourceTree = SDKROOT; };
		74B371EE115DC8C300E3B2D1 /* libsqlite3.dylib */ = {isa = PBXFileReference; lastKnownFileType = "compiled.mach-o.dylib"; name = libsqlite3.dylib; path = usr/lib/libsqlite3.dylib; sourceTree = SDKROOT; };
		74B3720F115DCF8500E3B2D1 /* Store.h */ = {isa = PBXFileReference; fileEncoding = 4; lastKnownFileType = sourcecode.c.h; path = Store.h; sourceTree = "<group>"; };
		74B37210115DCF8500E3B2D1 /* Store.m */ = {isa = PBXFileReference; fileEncoding = 4; lastKnownFileType = sourcecode.c.objc; path = Store.m; sourceTree = "<group>"; };
		74B3D573117AB92B00021611 /* FileTransfer.h */ = {isa = PBXFileReference; fileEncoding = 4; lastKnownFileType = sourcecode.c.h; path = FileTransfer.h; sourceTree = "<group>"; };
		74B3D574117AB92B00021611 /* FileTransfer.m */ = {isa = PBXFileReference; fileEncoding = 4; lastKnownFileType = sourcecode.c.objc; path = FileTransfer.m; sourceTree = "<group>"; };
		74D7401F1166E28C0010A592 /* RegexKitLite.h */ = {isa = PBXFileReference; fileEncoding = 4; lastKnownFileType = sourcecode.c.h; path = RegexKitLite.h; sourceTree = "<group>"; };
		74D740201166E28C0010A592 /* RegexKitLite.m */ = {isa = PBXFileReference; fileEncoding = 4; lastKnownFileType = sourcecode.c.objc; path = RegexKitLite.m; sourceTree = "<group>"; };
		74D7403911674C2E0010A592 /* libicucore.dylib */ = {isa = PBXFileReference; lastKnownFileType = "compiled.mach-o.dylib"; name = libicucore.dylib; path = usr/lib/libicucore.dylib; sourceTree = SDKROOT; };
		8D1107310486CEB800E47090 /* SwiftCode-Info.plist */ = {isa = PBXFileReference; fileEncoding = 4; lastKnownFileType = text.plist.xml; path = "SwiftCode-Info.plist"; plistStructureDefinitionIdentifier = "com.apple.xcode.plist.structure-definition.iphone.info-plist"; sourceTree = "<group>"; };
/* End PBXFileReference section */

/* Begin PBXFrameworksBuildPhase section */
		1D60588F0D05DD3D006BFB54 /* Frameworks */ = {
			isa = PBXFrameworksBuildPhase;
			buildActionMask = 2147483647;
			files = (
				1D60589F0D05DD5A006BFB54 /* Foundation.framework in Frameworks */,
				1DF5F4E00D08C38300B7A737 /* UIKit.framework in Frameworks */,
				2892E4100DC94CBA00A64D0F /* CoreGraphics.framework in Frameworks */,
				74B37176115CF37D00E3B2D1 /* QuartzCore.framework in Frameworks */,
				74B371EF115DC8C300E3B2D1 /* libsqlite3.dylib in Frameworks */,
				747EC14A11614F14002D8CD8 /* libcrypto.a in Frameworks */,
				747EC175116150D8002D8CD8 /* libz.dylib in Frameworks */,
				74D7403A11674C2E0010A592 /* libicucore.dylib in Frameworks */,
			);
			runOnlyForDeploymentPostprocessing = 0;
		};
/* End PBXFrameworksBuildPhase section */

/* Begin PBXGroup section */
		080E96DDFE201D6D7F000001 /* Classes */ = {
			isa = PBXGroup;
			children = (
				1D6F1C391163F72D0000B47D /* MBProgressHUD.h */,
				1D6F1C3A1163F72E0000B47D /* MBProgressHUD.m */,
				74B36F8B115B2AAA00E3B2D1 /* FileViewController.h */,
				74B36F8C115B2AAA00E3B2D1 /* FileViewController.m */,
				1D3623240D0F684500981E51 /* SwiftCodeAppDelegate.h */,
				1D3623250D0F684500981E51 /* SwiftCodeAppDelegate.m */,
				28042007108E984D000629CD /* RootViewController.h */,
				28042008108E984D000629CD /* RootViewController.m */,
				28042009108E984D000629CD /* DetailViewController.h */,
				2804200A108E984D000629CD /* DetailViewController.m */,
				74AE5E84115E7BFC006CA577 /* ProjectSettingsController.h */,
				74AE5E85115E7BFC006CA577 /* ProjectSettingsController.m */,
				74610D8611642BB000CF7B04 /* ProjectFileSelector.h */,
				74610D8711642BB000CF7B04 /* ProjectFileSelector.m */,
				74A5ACE411709E05006A48A3 /* FileEditController.h */,
				74A5ACE511709E05006A48A3 /* FileEditController.m */,
			);
			path = Classes;
			sourceTree = "<group>";
		};
		19C28FACFE9D520D11CA2CBB /* Products */ = {
			isa = PBXGroup;
			children = (
				1D6058910D05DD3D006BFB54 /* SwiftCode.app */,
			);
			name = Products;
			sourceTree = "<group>";
		};
		1D6F1BC01163E44D0000B47D /* Storehouse */ = {
			isa = PBXGroup;
			children = (
				74B36FA0115B2B2A00E3B2D1 /* Project.h */,
				74B36FA1115B2B2A00E3B2D1 /* Project.m */,
				74B36FA2115B2B2A00E3B2D1 /* ProjectFile.h */,
				74B36FA3115B2B2A00E3B2D1 /* ProjectFile.m */,
				1DA64163117DEFE300B6D438 /* ProjectTask.h */,
				1DA64164117DEFE300B6D438 /* ProjectTask.m */,
				74B3720F115DCF8500E3B2D1 /* Store.h */,
				74B37210115DCF8500E3B2D1 /* Store.m */,
				1DB6EDA511766EAF00FFC659 /* Synchronizer.h */,
				1DB6EDA611766EAF00FFC659 /* Synchronizer.m */,
			);
			name = Storehouse;
			sourceTree = "<group>";
		};
		29B97314FDCFA39411CA2CEA /* CustomTemplate */ = {
			isa = PBXGroup;
			children = (
				1D6F1BC01163E44D0000B47D /* Storehouse */,
				747EC1DF1161810C002D8CD8 /* Shell */,
				74AE5E6C115E77CC006CA577 /* Monkey Patches */,
				74B36EE3115B2A9700E3B2D1 /* HtmlEditor */,
				080E96DDFE201D6D7F000001 /* Classes */,
				29B97315FDCFA39411CA2CEA /* Other Sources */,
				29B97317FDCFA39411CA2CEA /* Resources */,
				29B97323FDCFA39411CA2CEA /* Frameworks */,
				19C28FACFE9D520D11CA2CBB /* Products */,
			);
			name = CustomTemplate;
			sourceTree = "<group>";
		};
		29B97315FDCFA39411CA2CEA /* Other Sources */ = {
			isa = PBXGroup;
			children = (
				28A0AAE50D9B0CCF005BE974 /* SwiftCode_Prefix.pch */,
				29B97316FDCFA39411CA2CEA /* main.m */,
				74D7401F1166E28C0010A592 /* RegexKitLite.h */,
				74D740201166E28C0010A592 /* RegexKitLite.m */,
			);
			name = "Other Sources";
			sourceTree = "<group>";
		};
		29B97317FDCFA39411CA2CEA /* Resources */ = {
			isa = PBXGroup;
			children = (
				7476797E11806AEF005F4493 /* Icon.png */,
				74A5ACE611709E05006A48A3 /* FileEditController.xib */,
				74610D8811642BB000CF7B04 /* ProjectFileSelector.xib */,
				74AE5E86115E7BFC006CA577 /* ProjectSettingsController.xib */,
				74B36F8D115B2AAA00E3B2D1 /* FileViewController.xib */,
				74B36E9E115B28FF00E3B2D1 /* SwitchController.xib */,
				28AD735F0D9D9599002E5188 /* MainWindow.xib */,
				2804203B108E9BAB000629CD /* DetailView.xib */,
				8D1107310486CEB800E47090 /* SwiftCode-Info.plist */,
				74B36E97115B146D00E3B2D1 /* ContentPaneSwitcher.xib */,
			);
			name = Resources;
			sourceTree = "<group>";
		};
		29B97323FDCFA39411CA2CEA /* Frameworks */ = {
			isa = PBXGroup;
			children = (
				74B37175115CF37D00E3B2D1 /* QuartzCore.framework */,
				1DF5F4DF0D08C38300B7A737 /* UIKit.framework */,
				1D30AB110D05D00D00671497 /* Foundation.framework */,
				2892E40F0DC94CBA00A64D0F /* CoreGraphics.framework */,
				74B371EE115DC8C300E3B2D1 /* libsqlite3.dylib */,
				747EC174116150D8002D8CD8 /* libz.dylib */,
				74D7403911674C2E0010A592 /* libicucore.dylib */,
			);
			name = Frameworks;
			sourceTree = "<group>";
		};
		747EB7F311613732002D8CD8 /* SSH */ = {
			isa = PBXGroup;
			children = (
				747EB85B1161380C002D8CD8 /* libssh2 */,
			);
			name = SSH;
			sourceTree = "<group>";
		};
		747EB85B1161380C002D8CD8 /* libssh2 */ = {
			isa = PBXGroup;
			children = (
				747EC14211614EC9002D8CD8 /* libssh2_publickey.h */,
				747EC14311614EC9002D8CD8 /* libssh2_sftp.h */,
				747EC14411614EC9002D8CD8 /* libssh2.h */,
				747EB82A11613806002D8CD8 /* agent.c */,
				747EB82B11613806002D8CD8 /* channel.c */,
				747EB82C11613806002D8CD8 /* channel.h */,
				747EB82D11613806002D8CD8 /* comp.c */,
				747EB82E11613806002D8CD8 /* comp.h */,
				747EB82F11613806002D8CD8 /* crypt.c */,
				747EB83011613806002D8CD8 /* hostkey.c */,
				747EB83111613806002D8CD8 /* kex.c */,
				747EB83211613806002D8CD8 /* knownhost.c */,
				747EB83311613806002D8CD8 /* libgcrypt.c */,
				747EB83411613806002D8CD8 /* libgcrypt.h */,
				747EB83511613806002D8CD8 /* libssh2_config.h */,
				747EB83611613806002D8CD8 /* libssh2_priv.h */,
				747EB83711613806002D8CD8 /* mac.c */,
				747EB83811613806002D8CD8 /* mac.h */,
				747EB83911613806002D8CD8 /* misc.c */,
				747EB83A11613806002D8CD8 /* misc.h */,
				747EB83B11613806002D8CD8 /* openssl.c */,
				747EB83C11613806002D8CD8 /* openssl.h */,
				747EB83D11613806002D8CD8 /* packet.c */,
				747EB83E11613806002D8CD8 /* pem.c */,
				747EB83F11613806002D8CD8 /* publickey.c */,
				747EB84011613806002D8CD8 /* scp.c */,
				747EB84111613806002D8CD8 /* session.c */,
				747EB84211613806002D8CD8 /* sftp.c */,
				747EB84311613806002D8CD8 /* transport.c */,
				747EB84411613806002D8CD8 /* transport.h */,
				747EB84511613806002D8CD8 /* userauth.c */,
				747EB84611613806002D8CD8 /* version.c */,
			);
			name = libssh2;
			sourceTree = "<group>";
		};
		747EC12D11614E31002D8CD8 /* Products */ = {
			isa = PBXGroup;
			children = (
				747EC13211614E32002D8CD8 /* libcrypto.a */,
			);
			name = Products;
			sourceTree = "<group>";
		};
		747EC1DF1161810C002D8CD8 /* Shell */ = {
			isa = PBXGroup;
			children = (
				74AE612C1160399C006CA577 /* Shell.h */,
				74AE612D1160399C006CA577 /* Shell.m */,
				1DF12F9211789A18008927B0 /* CommandDispatcher.h */,
				1DF12F9311789A18008927B0 /* CommandDispatcher.m */,
				74B3D573117AB92B00021611 /* FileTransfer.h */,
				74B3D574117AB92B00021611 /* FileTransfer.m */,
				747EB7F311613732002D8CD8 /* SSH */,
				747EC12C11614E31002D8CD8 /* openssl.xcodeproj */,
			);
			name = Shell;
			sourceTree = "<group>";
		};
		74AE5E6C115E77CC006CA577 /* Monkey Patches */ = {
			isa = PBXGroup;
			children = (
				74AE5E70115E783B006CA577 /* Utils.h */,
				74AE5E71115E783B006CA577 /* Utils.m */,
			);
			name = "Monkey Patches";
			sourceTree = "<group>";
		};
		74B36EE3115B2A9700E3B2D1 /* HtmlEditor */ = {
			isa = PBXGroup;
			children = (
				74B36EE4115B2A9700E3B2D1 /* editor.html */,
				74B36EE5115B2A9800E3B2D1 /* jquery-1.4.2.min.js */,
				74B36EE6115B2A9800E3B2D1 /* shjs-0.6 */,
			);
			path = HtmlEditor;
			sourceTree = "<group>";
		};
		74B36EE6115B2A9800E3B2D1 /* shjs-0.6 */ = {
			isa = PBXGroup;
			children = (
				74B36EE7115B2A9800E3B2D1 /* css */,
				74B36F0F115B2A9800E3B2D1 /* lang */,
				74B36F37115B2A9800E3B2D1 /* sh_main.js */,
				74B36F38115B2A9800E3B2D1 /* sh_style.css */,
			);
			path = "shjs-0.6";
			sourceTree = "<group>";
		};
		74B36EE7115B2A9800E3B2D1 /* css */ = {
			isa = PBXGroup;
			children = (
				74B36EE8115B2A9800E3B2D1 /* sh_acid.css */,
				74B36EE9115B2A9800E3B2D1 /* sh_berries-dark.css */,
				74B36EEA115B2A9800E3B2D1 /* sh_berries-light.css */,
				74B36EEB115B2A9800E3B2D1 /* sh_bipolar.css */,
				74B36EEC115B2A9800E3B2D1 /* sh_blacknblue.css */,
				74B36EED115B2A9800E3B2D1 /* sh_bright.css */,
				74B36EEE115B2A9800E3B2D1 /* sh_contrast.css */,
				74B36EEF115B2A9800E3B2D1 /* sh_darkblue.css */,
				74B36EF0115B2A9800E3B2D1 /* sh_darkness.css */,
				74B36EF1115B2A9800E3B2D1 /* sh_desert.css */,
				74B36EF2115B2A9800E3B2D1 /* sh_dull.css */,
				74B36EF3115B2A9800E3B2D1 /* sh_easter.css */,
				74B36EF4115B2A9800E3B2D1 /* sh_emacs.css */,
				74B36EF5115B2A9800E3B2D1 /* sh_golden.css */,
				74B36EF6115B2A9800E3B2D1 /* sh_greenlcd.css */,
				74B36EF7115B2A9800E3B2D1 /* sh_ide-anjuta.css */,
				74B36EF8115B2A9800E3B2D1 /* sh_ide-codewarrior.css */,
				74B36EF9115B2A9800E3B2D1 /* sh_ide-devcpp.css */,
				74B36EFA115B2A9800E3B2D1 /* sh_ide-eclipse.css */,
				74B36EFB115B2A9800E3B2D1 /* sh_ide-kdev.css */,
				74B36EFC115B2A9800E3B2D1 /* sh_ide-msvcpp.css */,
				74B36EFD115B2A9800E3B2D1 /* sh_kwrite.css */,
				74B36EFE115B2A9800E3B2D1 /* sh_matlab.css */,
				74B36EFF115B2A9800E3B2D1 /* sh_navy.css */,
				74B36F00115B2A9800E3B2D1 /* sh_nedit.css */,
				74B36F01115B2A9800E3B2D1 /* sh_neon.css */,
				74B36F02115B2A9800E3B2D1 /* sh_night.css */,
				74B36F03115B2A9800E3B2D1 /* sh_pablo.css */,
				74B36F04115B2A9800E3B2D1 /* sh_peachpuff.css */,
				74B36F05115B2A9800E3B2D1 /* sh_print.css */,
				74B36F06115B2A9800E3B2D1 /* sh_rand01.css */,
				74B36F07115B2A9800E3B2D1 /* sh_the.css */,
				74B36F08115B2A9800E3B2D1 /* sh_typical.css */,
				74B36F09115B2A9800E3B2D1 /* sh_vampire.css */,
				74B36F0A115B2A9800E3B2D1 /* sh_vim-dark.css */,
				74B36F0B115B2A9800E3B2D1 /* sh_vim.css */,
				74B36F0C115B2A9800E3B2D1 /* sh_whatis.css */,
				74B36F0D115B2A9800E3B2D1 /* sh_whitengrey.css */,
				74B36F0E115B2A9800E3B2D1 /* sh_zellner.css */,
			);
			path = css;
			sourceTree = "<group>";
		};
		74B36F0F115B2A9800E3B2D1 /* lang */ = {
			isa = PBXGroup;
			children = (
				74B36F10115B2A9800E3B2D1 /* sh_bison.js */,
				74B36F11115B2A9800E3B2D1 /* sh_c.js */,
				74B36F12115B2A9800E3B2D1 /* sh_caml.js */,
				74B36F13115B2A9800E3B2D1 /* sh_changelog.js */,
				74B36F14115B2A9800E3B2D1 /* sh_cpp.js */,
				74B36F15115B2A9800E3B2D1 /* sh_csharp.js */,
				74B36F16115B2A9800E3B2D1 /* sh_css.js */,
				74B36F17115B2A9800E3B2D1 /* sh_desktop.js */,
				74B36F18115B2A9800E3B2D1 /* sh_diff.js */,
				74B36F19115B2A9800E3B2D1 /* sh_flex.js */,
				74B36F1A115B2A9800E3B2D1 /* sh_glsl.js */,
				74B36F1B115B2A9800E3B2D1 /* sh_haxe.js */,
				74B36F1C115B2A9800E3B2D1 /* sh_html.js */,
				74B36F1D115B2A9800E3B2D1 /* sh_java.js */,
				74B36F1E115B2A9800E3B2D1 /* sh_javascript.js */,
				74B36F1F115B2A9800E3B2D1 /* sh_javascript_dom.js */,
				74B36F20115B2A9800E3B2D1 /* sh_latex.js */,
				74B36F21115B2A9800E3B2D1 /* sh_ldap.js */,
				74B36F22115B2A9800E3B2D1 /* sh_log.js */,
				74B36F23115B2A9800E3B2D1 /* sh_lsm.js */,
				74B36F24115B2A9800E3B2D1 /* sh_m4.js */,
				74B36F25115B2A9800E3B2D1 /* sh_makefile.js */,
				74B36F26115B2A9800E3B2D1 /* sh_oracle.js */,
				74B36F27115B2A9800E3B2D1 /* sh_pascal.js */,
				74B36F28115B2A9800E3B2D1 /* sh_perl.js */,
				74B36F29115B2A9800E3B2D1 /* sh_php.js */,
				74B36F2A115B2A9800E3B2D1 /* sh_prolog.js */,
				74B36F2B115B2A9800E3B2D1 /* sh_properties.js */,
				74B36F2C115B2A9800E3B2D1 /* sh_python.js */,
				74B36F2D115B2A9800E3B2D1 /* sh_ruby.js */,
				74B36F2E115B2A9800E3B2D1 /* sh_scala.js */,
				74B36F2F115B2A9800E3B2D1 /* sh_sh.js */,
				74B36F30115B2A9800E3B2D1 /* sh_slang.js */,
				74B36F31115B2A9800E3B2D1 /* sh_sml.js */,
				74B36F32115B2A9800E3B2D1 /* sh_spec.js */,
				74B36F33115B2A9800E3B2D1 /* sh_sql.js */,
				74B36F34115B2A9800E3B2D1 /* sh_tcl.js */,
				74B36F35115B2A9800E3B2D1 /* sh_xml.js */,
				74B36F36115B2A9800E3B2D1 /* sh_xorg.js */,
			);
			path = lang;
			sourceTree = "<group>";
		};
/* End PBXGroup section */

/* Begin PBXNativeTarget section */
		1D6058900D05DD3D006BFB54 /* SwiftCode */ = {
			isa = PBXNativeTarget;
			buildConfigurationList = 1D6058960D05DD3E006BFB54 /* Build configuration list for PBXNativeTarget "SwiftCode" */;
			buildPhases = (
				1D60588D0D05DD3D006BFB54 /* Resources */,
				1D60588E0D05DD3D006BFB54 /* Sources */,
				1D60588F0D05DD3D006BFB54 /* Frameworks */,
			);
			buildRules = (
			);
			dependencies = (
				747EC15311614F4A002D8CD8 /* PBXTargetDependency */,
				747EC15511614F4F002D8CD8 /* PBXTargetDependency */,
			);
			name = SwiftCode;
			productName = SwiftCode;
			productReference = 1D6058910D05DD3D006BFB54 /* SwiftCode.app */;
			productType = "com.apple.product-type.application";
		};
/* End PBXNativeTarget section */

/* Begin PBXProject section */
		29B97313FDCFA39411CA2CEA /* Project object */ = {
			isa = PBXProject;
			buildConfigurationList = C01FCF4E08A954540054247B /* Build configuration list for PBXProject "SwiftCode" */;
			compatibilityVersion = "Xcode 3.2";
			hasScannedForEncodings = 1;
			knownRegions = (
				English,
				Japanese,
				French,
				German,
				en,
			);
			mainGroup = 29B97314FDCFA39411CA2CEA /* CustomTemplate */;
			projectDirPath = "";
			projectReferences = (
				{
					ProductGroup = 747EC12D11614E31002D8CD8 /* Products */;
					ProjectRef = 747EC12C11614E31002D8CD8 /* openssl.xcodeproj */;
				},
			);
			projectRoot = "";
			targets = (
				1D6058900D05DD3D006BFB54 /* SwiftCode */,
			);
		};
/* End PBXProject section */

/* Begin PBXReferenceProxy section */
		747EC13211614E32002D8CD8 /* libcrypto.a */ = {
			isa = PBXReferenceProxy;
			fileType = archive.ar;
			path = libcrypto.a;
			remoteRef = 747EC13111614E32002D8CD8 /* PBXContainerItemProxy */;
			sourceTree = BUILT_PRODUCTS_DIR;
		};
/* End PBXReferenceProxy section */

/* Begin PBXResourcesBuildPhase section */
		1D60588D0D05DD3D006BFB54 /* Resources */ = {
			isa = PBXResourcesBuildPhase;
			buildActionMask = 2147483647;
			files = (
				74B36F3A115B2A9800E3B2D1 /* jquery-1.4.2.min.js in Resources */,
				74B36F62115B2A9800E3B2D1 /* sh_bison.js in Resources */,
				74B36F63115B2A9800E3B2D1 /* sh_c.js in Resources */,
				74B36F64115B2A9800E3B2D1 /* sh_caml.js in Resources */,
				74B36F65115B2A9800E3B2D1 /* sh_changelog.js in Resources */,
				74B36F66115B2A9800E3B2D1 /* sh_cpp.js in Resources */,
				74B36F67115B2A9800E3B2D1 /* sh_csharp.js in Resources */,
				74B36F68115B2A9800E3B2D1 /* sh_css.js in Resources */,
				74B36F69115B2A9800E3B2D1 /* sh_desktop.js in Resources */,
				74B36F6A115B2A9800E3B2D1 /* sh_diff.js in Resources */,
				74B36F6B115B2A9800E3B2D1 /* sh_flex.js in Resources */,
				74B36F6C115B2A9800E3B2D1 /* sh_glsl.js in Resources */,
				74B36F6D115B2A9800E3B2D1 /* sh_haxe.js in Resources */,
				74B36F6E115B2A9800E3B2D1 /* sh_html.js in Resources */,
				74B36F6F115B2A9800E3B2D1 /* sh_java.js in Resources */,
				74B36F70115B2A9800E3B2D1 /* sh_javascript.js in Resources */,
				74B36F71115B2A9800E3B2D1 /* sh_javascript_dom.js in Resources */,
				74B36F72115B2A9800E3B2D1 /* sh_latex.js in Resources */,
				74B36F73115B2A9800E3B2D1 /* sh_ldap.js in Resources */,
				74B36F74115B2A9800E3B2D1 /* sh_log.js in Resources */,
				74B36F75115B2A9800E3B2D1 /* sh_lsm.js in Resources */,
				74B36F76115B2A9800E3B2D1 /* sh_m4.js in Resources */,
				74B36F77115B2A9800E3B2D1 /* sh_makefile.js in Resources */,
				74B36F78115B2A9800E3B2D1 /* sh_oracle.js in Resources */,
				74B36F79115B2A9800E3B2D1 /* sh_pascal.js in Resources */,
				74B36F7A115B2A9800E3B2D1 /* sh_perl.js in Resources */,
				74B36F7B115B2A9800E3B2D1 /* sh_php.js in Resources */,
				74B36F7C115B2A9800E3B2D1 /* sh_prolog.js in Resources */,
				74B36F7D115B2A9800E3B2D1 /* sh_properties.js in Resources */,
				74B36F7E115B2A9800E3B2D1 /* sh_python.js in Resources */,
				74B36F7F115B2A9800E3B2D1 /* sh_ruby.js in Resources */,
				74B36F80115B2A9800E3B2D1 /* sh_scala.js in Resources */,
				74B36F81115B2A9800E3B2D1 /* sh_sh.js in Resources */,
				74B36F82115B2A9800E3B2D1 /* sh_slang.js in Resources */,
				74B36F83115B2A9800E3B2D1 /* sh_sml.js in Resources */,
				74B36F84115B2A9800E3B2D1 /* sh_spec.js in Resources */,
				74B36F85115B2A9800E3B2D1 /* sh_sql.js in Resources */,
				74B36F86115B2A9800E3B2D1 /* sh_tcl.js in Resources */,
				74B36F87115B2A9800E3B2D1 /* sh_xml.js in Resources */,
				74B36F88115B2A9800E3B2D1 /* sh_xorg.js in Resources */,
				74B36F89115B2A9800E3B2D1 /* sh_main.js in Resources */,
				28AD73600D9D9599002E5188 /* MainWindow.xib in Resources */,
				2804203C108E9BAB000629CD /* DetailView.xib in Resources */,
				74B36E98115B146D00E3B2D1 /* ContentPaneSwitcher.xib in Resources */,
				74B36EA0115B28FF00E3B2D1 /* SwitchController.xib in Resources */,
				74B36F39115B2A9800E3B2D1 /* editor.html in Resources */,
				74B36F3B115B2A9800E3B2D1 /* sh_acid.css in Resources */,
				74B36F3C115B2A9800E3B2D1 /* sh_berries-dark.css in Resources */,
				74B36F3D115B2A9800E3B2D1 /* sh_berries-light.css in Resources */,
				74B36F3E115B2A9800E3B2D1 /* sh_bipolar.css in Resources */,
				74B36F3F115B2A9800E3B2D1 /* sh_blacknblue.css in Resources */,
				74B36F40115B2A9800E3B2D1 /* sh_bright.css in Resources */,
				74B36F41115B2A9800E3B2D1 /* sh_contrast.css in Resources */,
				74B36F42115B2A9800E3B2D1 /* sh_darkblue.css in Resources */,
				74B36F43115B2A9800E3B2D1 /* sh_darkness.css in Resources */,
				74B36F44115B2A9800E3B2D1 /* sh_desert.css in Resources */,
				74B36F45115B2A9800E3B2D1 /* sh_dull.css in Resources */,
				74B36F46115B2A9800E3B2D1 /* sh_easter.css in Resources */,
				74B36F47115B2A9800E3B2D1 /* sh_emacs.css in Resources */,
				74B36F48115B2A9800E3B2D1 /* sh_golden.css in Resources */,
				74B36F49115B2A9800E3B2D1 /* sh_greenlcd.css in Resources */,
				74B36F4A115B2A9800E3B2D1 /* sh_ide-anjuta.css in Resources */,
				74B36F4B115B2A9800E3B2D1 /* sh_ide-codewarrior.css in Resources */,
				74B36F4C115B2A9800E3B2D1 /* sh_ide-devcpp.css in Resources */,
				74B36F4D115B2A9800E3B2D1 /* sh_ide-eclipse.css in Resources */,
				74B36F4E115B2A9800E3B2D1 /* sh_ide-kdev.css in Resources */,
				74B36F4F115B2A9800E3B2D1 /* sh_ide-msvcpp.css in Resources */,
				74B36F50115B2A9800E3B2D1 /* sh_kwrite.css in Resources */,
				74B36F51115B2A9800E3B2D1 /* sh_matlab.css in Resources */,
				74B36F52115B2A9800E3B2D1 /* sh_navy.css in Resources */,
				74B36F53115B2A9800E3B2D1 /* sh_nedit.css in Resources */,
				74B36F54115B2A9800E3B2D1 /* sh_neon.css in Resources */,
				74B36F55115B2A9800E3B2D1 /* sh_night.css in Resources */,
				74B36F56115B2A9800E3B2D1 /* sh_pablo.css in Resources */,
				74B36F57115B2A9800E3B2D1 /* sh_peachpuff.css in Resources */,
				74B36F58115B2A9800E3B2D1 /* sh_print.css in Resources */,
				74B36F59115B2A9800E3B2D1 /* sh_rand01.css in Resources */,
				74B36F5A115B2A9800E3B2D1 /* sh_the.css in Resources */,
				74B36F5B115B2A9800E3B2D1 /* sh_typical.css in Resources */,
				74B36F5C115B2A9800E3B2D1 /* sh_vampire.css in Resources */,
				74B36F5D115B2A9800E3B2D1 /* sh_vim-dark.css in Resources */,
				74B36F5E115B2A9800E3B2D1 /* sh_vim.css in Resources */,
				74B36F5F115B2A9800E3B2D1 /* sh_whatis.css in Resources */,
				74B36F60115B2A9800E3B2D1 /* sh_whitengrey.css in Resources */,
				74B36F61115B2A9800E3B2D1 /* sh_zellner.css in Resources */,
				74B36F8A115B2A9800E3B2D1 /* sh_style.css in Resources */,
				74B36F8F115B2AAA00E3B2D1 /* FileViewController.xib in Resources */,
				74AE5E88115E7BFC006CA577 /* ProjectSettingsController.xib in Resources */,
				74610D8A11642BB000CF7B04 /* ProjectFileSelector.xib in Resources */,
				74A5ACE811709E05006A48A3 /* FileEditController.xib in Resources */,
				7476797F11806AEF005F4493 /* Icon.png in Resources */,
			);
			runOnlyForDeploymentPostprocessing = 0;
		};
/* End PBXResourcesBuildPhase section */

/* Begin PBXSourcesBuildPhase section */
		1D60588E0D05DD3D006BFB54 /* Sources */ = {
			isa = PBXSourcesBuildPhase;
			buildActionMask = 2147483647;
			files = (
				1D60589B0D05DD56006BFB54 /* main.m in Sources */,
				1D3623260D0F684500981E51 /* SwiftCodeAppDelegate.m in Sources */,
				2804200B108E984D000629CD /* RootViewController.m in Sources */,
				2804200C108E984D000629CD /* DetailViewController.m in Sources */,
				74B36F8E115B2AAA00E3B2D1 /* FileViewController.m in Sources */,
				74B36FA4115B2B2A00E3B2D1 /* Project.m in Sources */,
				74B36FA5115B2B2A00E3B2D1 /* ProjectFile.m in Sources */,
				74B37211115DCF8500E3B2D1 /* Store.m in Sources */,
				74AE5E72115E783B006CA577 /* Utils.m in Sources */,
				74AE5E87115E7BFC006CA577 /* ProjectSettingsController.m in Sources */,
				74AE612E1160399C006CA577 /* Shell.m in Sources */,
				747EB84711613806002D8CD8 /* agent.c in Sources */,
				747EB84811613806002D8CD8 /* channel.c in Sources */,
				747EB84911613806002D8CD8 /* comp.c in Sources */,
				747EB84A11613806002D8CD8 /* crypt.c in Sources */,
				747EB84B11613806002D8CD8 /* hostkey.c in Sources */,
				747EB84C11613806002D8CD8 /* kex.c in Sources */,
				747EB84D11613806002D8CD8 /* knownhost.c in Sources */,
				747EB84E11613806002D8CD8 /* libgcrypt.c in Sources */,
				747EB84F11613806002D8CD8 /* mac.c in Sources */,
				747EB85011613806002D8CD8 /* misc.c in Sources */,
				747EB85111613806002D8CD8 /* openssl.c in Sources */,
				747EB85211613806002D8CD8 /* packet.c in Sources */,
				747EB85311613806002D8CD8 /* pem.c in Sources */,
				747EB85411613806002D8CD8 /* publickey.c in Sources */,
				747EB85511613806002D8CD8 /* scp.c in Sources */,
				747EB85611613806002D8CD8 /* session.c in Sources */,
				747EB85711613806002D8CD8 /* sftp.c in Sources */,
				747EB85811613806002D8CD8 /* transport.c in Sources */,
				747EB85911613806002D8CD8 /* userauth.c in Sources */,
				747EB85A11613806002D8CD8 /* version.c in Sources */,
				1D6F1C3B1163F72E0000B47D /* MBProgressHUD.m in Sources */,
				74610D8911642BB000CF7B04 /* ProjectFileSelector.m in Sources */,
				74D740211166E28C0010A592 /* RegexKitLite.m in Sources */,
				74A5ACE711709E05006A48A3 /* FileEditController.m in Sources */,
				1DB6EDA711766EAF00FFC659 /* Synchronizer.m in Sources */,
				1DF12F9411789A18008927B0 /* CommandDispatcher.m in Sources */,
				74B3D575117AB92B00021611 /* FileTransfer.m in Sources */,
				1DA64165117DEFE300B6D438 /* ProjectTask.m in Sources */,
			);
			runOnlyForDeploymentPostprocessing = 0;
		};
/* End PBXSourcesBuildPhase section */

/* Begin PBXTargetDependency section */
		747EC15311614F4A002D8CD8 /* PBXTargetDependency */ = {
			isa = PBXTargetDependency;
			name = crypto;
			targetProxy = 747EC15211614F4A002D8CD8 /* PBXContainerItemProxy */;
		};
		747EC15511614F4F002D8CD8 /* PBXTargetDependency */ = {
			isa = PBXTargetDependency;
			name = make;
			targetProxy = 747EC15411614F4F002D8CD8 /* PBXContainerItemProxy */;
		};
/* End PBXTargetDependency section */

/* Begin XCBuildConfiguration section */
		1D6058940D05DD3E006BFB54 /* Debug */ = {
			isa = XCBuildConfiguration;
			buildSettings = {
				ALWAYS_SEARCH_USER_PATHS = YES;
				COPY_PHASE_STRIP = NO;
				GCC_DYNAMIC_NO_PIC = NO;
				GCC_OPTIMIZATION_LEVEL = 0;
				GCC_PRECOMPILE_PREFIX_HEADER = YES;
				GCC_PREFIX_HEADER = SwiftCode_Prefix.pch;
				HEADER_SEARCH_PATHS = "../openssl-xcode/include/**";
				INFOPLIST_FILE = "SwiftCode-Info.plist";
				LIBRARY_SEARCH_PATHS = /usr/local/lib;
				PRODUCT_NAME = SwiftCode;
			};
			name = Debug;
		};
		1D6058950D05DD3E006BFB54 /* Release */ = {
			isa = XCBuildConfiguration;
			buildSettings = {
				ALWAYS_SEARCH_USER_PATHS = YES;
				COPY_PHASE_STRIP = YES;
				GCC_PRECOMPILE_PREFIX_HEADER = YES;
				GCC_PREFIX_HEADER = SwiftCode_Prefix.pch;
				HEADER_SEARCH_PATHS = "../openssl-xcode/include/**";
				INFOPLIST_FILE = "SwiftCode-Info.plist";
				LIBRARY_SEARCH_PATHS = /usr/local/lib;
				PRODUCT_NAME = SwiftCode;
				VALIDATE_PRODUCT = YES;
			};
			name = Release;
		};
		C01FCF4F08A954540054247B /* Debug */ = {
			isa = XCBuildConfiguration;
			buildSettings = {
				"ARCHS[sdk=iphoneos*]" = armv7;
				"ARCHS[sdk=iphonesimulator*]" = i386;
				"CODE_SIGN_IDENTITY[sdk=iphoneos*]" = "iPhone Developer";
				GCC_C_LANGUAGE_STANDARD = c99;
				GCC_WARN_ABOUT_RETURN_TYPE = YES;
				GCC_WARN_UNUSED_VARIABLE = YES;
				PREBINDING = NO;
				SDKROOT = iphoneos3.2;
				TARGETED_DEVICE_FAMILY = 2;
			};
			name = Debug;
		};
		C01FCF5008A954540054247B /* Release */ = {
			isa = XCBuildConfiguration;
			buildSettings = {
				"ARCHS[sdk=iphoneos*]" = armv7;
				"ARCHS[sdk=iphonesimulator*]" = i386;
				"CODE_SIGN_IDENTITY[sdk=iphoneos*]" = "iPhone Developer";
				GCC_C_LANGUAGE_STANDARD = c99;
				GCC_WARN_ABOUT_RETURN_TYPE = YES;
				GCC_WARN_UNUSED_VARIABLE = YES;
				OTHER_CFLAGS = "-DNS_BLOCK_ASSERTIONS=1";
				PREBINDING = NO;
				SDKROOT = iphoneos3.2;
				TARGETED_DEVICE_FAMILY = 2;
			};
			name = Release;
		};
/* End XCBuildConfiguration section */

/* Begin XCConfigurationList section */
		1D6058960D05DD3E006BFB54 /* Build configuration list for PBXNativeTarget "SwiftCode" */ = {
			isa = XCConfigurationList;
			buildConfigurations = (
				1D6058940D05DD3E006BFB54 /* Debug */,
				1D6058950D05DD3E006BFB54 /* Release */,
			);
			defaultConfigurationIsVisible = 0;
			defaultConfigurationName = Release;
		};
		C01FCF4E08A954540054247B /* Build configuration list for PBXProject "SwiftCode" */ = {
			isa = XCConfigurationList;
			buildConfigurations = (
				C01FCF4F08A954540054247B /* Debug */,
				C01FCF5008A954540054247B /* Release */,
			);
			defaultConfigurationIsVisible = 0;
			defaultConfigurationName = Release;
		};
/* End XCConfigurationList section */
	};
	rootObject = 29B97313FDCFA39411CA2CEA /* Project object */;
}
